<?xml version="1.0" encoding="utf-8"?>
<Project ToolsVersion="4.0" xmlns="http://schemas.microsoft.com/developer/msbuild/2003">
  <ItemGroup>
    <ClCompile Include="engine\Audio\Audio.cpp">
      <Filter>Source</Filter>
    </ClCompile>
    <ClCompile Include="engine\Utility\Loader\BlenderLevelLoader.cpp">
      <Filter>Source</Filter>
    </ClCompile>
    <ClCompile Include="engine\Camera\Camera.cpp">
      <Filter>Source</Filter>
    </ClCompile>
    <ClCompile Include="engine\Utility\Collider\ColliderManager.cpp">
      <Filter>Source</Filter>
    </ClCompile>
    <ClCompile Include="engine\OffScreen\CopyPass.cpp">
      <Filter>Source</Filter>
    </ClCompile>
    <ClCompile Include="engine\Graphics\Cubemap\CubemapBasis.cpp">
      <Filter>Source</Filter>
    </ClCompile>
    <ClCompile Include="engine\Effect\CylinderParticle.cpp">
      <Filter>Source</Filter>
    </ClCompile>
    <ClCompile Include="engine\EngineCore\D3DResourceLeakChecker.cpp">
      <Filter>Source</Filter>
    </ClCompile>
    <ClCompile Include="engine\EngineCore\DirectXBasis.cpp">
      <Filter>Source</Filter>
    </ClCompile>
    <ClCompile Include="application\Scene\GameScene\emitterInit.cpp">
      <Filter>Source</Filter>
    </ClCompile>
    <ClCompile Include="application\Object\Enemy\Enemy.cpp">
      <Filter>Source</Filter>
    </ClCompile>
    <ClCompile Include="application\Object\Enemy\EnemyEditor.cpp">
      <Filter>Source</Filter>
    </ClCompile>
    <ClCompile Include="application\Object\Enemy\EnemyManager.cpp">
      <Filter>Source</Filter>
    </ClCompile>
    <ClCompile Include="application\Scene\Transition\Fade\FadeTransition.cpp">
      <Filter>Source</Filter>
    </ClCompile>
    <ClCompile Include="engine\Framework\GameCore.cpp">
      <Filter>Source</Filter>
    </ClCompile>
    <ClCompile Include="application\Scene\GameScene\GameScene.cpp">
      <Filter>Source</Filter>
    </ClCompile>
    <ClCompile Include="application\Scene\GameScene\GameSceneCollision.cpp">
      <Filter>Source</Filter>
    </ClCompile>
    <ClCompile Include="application\Scene\GameScene\GameSceneStates\GameSceneDead.cpp">
      <Filter>Source</Filter>
    </ClCompile>
    <ClCompile Include="application\Scene\GameScene\GameSceneStates\GameSceneDebugEdit.cpp">
      <Filter>Source</Filter>
    </ClCompile>
    <ClCompile Include="application\Scene\GameScene\GameSceneStates\GameSceneFadeIn.cpp">
      <Filter>Source</Filter>
    </ClCompile>
    <ClCompile Include="application\Scene\GameScene\GameSceneStates\GameSceneFadeOut.cpp">
      <Filter>Source</Filter>
    </ClCompile>
    <ClCompile Include="application\Scene\GameScene\GameSceneStates\GameSceneLoad.cpp">
      <Filter>Source</Filter>
    </ClCompile>
    <ClCompile Include="application\Scene\GameScene\GameSceneStates\GameScenePause.cpp">
      <Filter>Source</Filter>
    </ClCompile>
    <ClCompile Include="application\Scene\GameScene\GameSceneStates\GameScenePlay.cpp">
      <Filter>Source</Filter>
    </ClCompile>
    <ClCompile Include="application\Scene\GameScene\GameSceneStates\GameSceneReady.cpp">
      <Filter>Source</Filter>
    </ClCompile>
    <ClCompile Include="application\Scene\GameScene\GameSceneStates\GameSceneResult.cpp">
      <Filter>Source</Filter>
    </ClCompile>
    <ClCompile Include="application\Scene\GameScene\GameSceneStates\GameSceneRetry.cpp">
      <Filter>Source</Filter>
    </ClCompile>
    <ClCompile Include="externals\imgui\imgui.cpp">
      <Filter>Source</Filter>
    </ClCompile>
    <ClCompile Include="externals\imgui\imgui_demo.cpp">
      <Filter>Source</Filter>
    </ClCompile>
    <ClCompile Include="externals\imgui\imgui_draw.cpp">
      <Filter>Source</Filter>
    </ClCompile>
    <ClCompile Include="externals\imgui\imgui_impl_dx12.cpp">
      <Filter>Source</Filter>
    </ClCompile>
    <ClCompile Include="externals\imgui\imgui_impl_win32.cpp">
      <Filter>Source</Filter>
    </ClCompile>
    <ClCompile Include="externals\imgui\imgui_tables.cpp">
      <Filter>Source</Filter>
    </ClCompile>
    <ClCompile Include="externals\imgui\imgui_widgets.cpp">
      <Filter>Source</Filter>
    </ClCompile>
    <ClCompile Include="engine\Debugger\ImGuiManager.cpp">
      <Filter>Source</Filter>
    </ClCompile>
    <ClCompile Include="engine\Framework\Input\Input.cpp">
      <Filter>Source</Filter>
    </ClCompile>
    <ClCompile Include="engine\Effect\IParticleRenderer.cpp">
      <Filter>Source</Filter>
    </ClCompile>
    <ClCompile Include="engine\Utility\SceneObjects\LevelObject.cpp">
      <Filter>Source</Filter>
    </ClCompile>
    <ClCompile Include="engine\EngineCore\Logger.cpp">
      <Filter>Source</Filter>
    </ClCompile>
    <ClCompile Include="application\main.cpp">
      <Filter>Source</Filter>
    </ClCompile>
    <ClCompile Include="engine\Utility\Math\mathFunc.cpp">
      <Filter>Source</Filter>
    </ClCompile>
    <ClCompile Include="engine\Utility\Math\Matrix4x4Func.cpp">
      <Filter>Source</Filter>
    </ClCompile>
    <ClCompile Include="engine\Graphics\Model\Model.cpp">
      <Filter>Source</Filter>
    </ClCompile>
    <ClCompile Include="engine\Graphics\Model\ModelLoader.cpp">
      <Filter>Source</Filter>
    </ClCompile>
    <ClCompile Include="engine\Graphics\Model\ModelManager.cpp">
      <Filter>Source</Filter>
    </ClCompile>
    <ClCompile Include="engine\Graphics\Model\Object3d.cpp">
      <Filter>Source</Filter>
    </ClCompile>
    <ClCompile Include="engine\Graphics\Model\Object3dBasis.cpp">
      <Filter>Source</Filter>
    </ClCompile>
    <ClCompile Include="engine\Graphics\Cubemap\ObjectCubemap.cpp">
      <Filter>Source</Filter>
    </ClCompile>
    <ClCompile Include="engine\Effect\ParticleManager.cpp">
      <Filter>Source</Filter>
    </ClCompile>
    <ClCompile Include="application\Scene\GameScene\Pause\Pause.cpp">
      <Filter>Source</Filter>
    </ClCompile>
    <ClCompile Include="engine\Effect\PlaneParticle.cpp">
      <Filter>Source</Filter>
    </ClCompile>
    <ClCompile Include="engine\Effect\RingParticle.cpp">
      <Filter>Source</Filter>
    </ClCompile>
    <ClCompile Include="application\Object\Player\Player.cpp">
      <Filter>Source</Filter>
    </ClCompile>
    <ClCompile Include="application\Object\Player\PlayerState\PlayerBarrelRoll.cpp">
      <Filter>Source</Filter>
    </ClCompile>
    <ClCompile Include="application\Object\Player\PlayerState\PlayerBoost.cpp">
      <Filter>Source</Filter>
    </ClCompile>
    <ClCompile Include="application\Object\Player\PlayerCollider.cpp">
      <Filter>Source</Filter>
    </ClCompile>
    <ClCompile Include="application\Object\Player\PlayerState\PlayerDead.cpp">
      <Filter>Source</Filter>
    </ClCompile>
    <ClCompile Include="application\Object\Player\PlayerState\PlayerIdle.cpp">
      <Filter>Source</Filter>
    </ClCompile>
    <ClCompile Include="application\Object\Player\PlayerState\PlayerRoot.cpp">
      <Filter>Source</Filter>
    </ClCompile>
    <ClCompile Include="application\Object\Player\PlayerState\PlayerTakeDamage.cpp">
      <Filter>Source</Filter>
    </ClCompile>
    <ClCompile Include="application\Scene\GameScene\PlayUI\PlayUI.cpp">
      <Filter>Source</Filter>
    </ClCompile>
    <ClCompile Include="application\Object\Rail\Rail.cpp">
      <Filter>Source</Filter>
    </ClCompile>
    <ClCompile Include="application\Object\Rail\RailEditor.cpp">
      <Filter>Source</Filter>
    </ClCompile>
    <ClCompile Include="application\Object\Rail\RailManager.cpp">
      <Filter>Source</Filter>
    </ClCompile>
    <ClCompile Include="engine\OffScreen\RenderTexture.cpp">
      <Filter>Source</Filter>
    </ClCompile>
    <ClCompile Include="application\Scene\GameScene\Result\Result.cpp">
      <Filter>Source</Filter>
    </ClCompile>
    <ClCompile Include="engine\Framework\SceneBase\SceneFactory.cpp">
      <Filter>Source</Filter>
    </ClCompile>
    <ClCompile Include="engine\Framework\SceneBase\SceneManager.cpp">
      <Filter>Source</Filter>
    </ClCompile>
    <ClCompile Include="application\Scene\Transition\TransitionManager.cpp">
      <Filter>Source</Filter>
    </ClCompile>
    <ClCompile Include="application\Scene\TitleScene\TitleScene.cpp">
      <Filter>Source</Filter>
    </ClCompile>
    <ClCompile Include="engine\Graphics\Sprite\TextureManager.cpp">
      <Filter>Source</Filter>
    </ClCompile>
    <ClCompile Include="engine\Audio\StreamingAudio.cpp">
      <Filter>Source</Filter>
    </ClCompile>
    <ClCompile Include="engine\Utility\Utils\StringUtility.cpp">
      <Filter>Source</Filter>
    </ClCompile>
    <ClCompile Include="application\Stage\Stage.cpp">
      <Filter>Source</Filter>
    </ClCompile>
    <ClCompile Include="application\Stage\StageManager.cpp">
      <Filter>Source</Filter>
    </ClCompile>
    <ClCompile Include="engine\Graphics\Sprite\SpriteBasis.cpp">
      <Filter>Source</Filter>
    </ClCompile>
    <ClCompile Include="engine\Graphics\SRV\SrvManager.cpp">
      <Filter>Source</Filter>
    </ClCompile>
    <ClCompile Include="engine\Graphics\Sprite\Sprite.cpp">
      <Filter>Source</Filter>
    </ClCompile>
    <ClCompile Include="engine\Utility\Collider\Sphere\SphereCollider.cpp">
      <Filter>Source</Filter>
    </ClCompile>
    <ClCompile Include="application\Skydome\Skydome.cpp">
      <Filter>Source</Filter>
    </ClCompile>
    <ClCompile Include="application\Score\score.cpp">
      <Filter>Source</Filter>
    </ClCompile>
    <ClCompile Include="engine\Framework\TYFrameWork.cpp">
      <Filter>Source</Filter>
    </ClCompile>
    <ClCompile Include="engine\EngineCore\WindowsApp.cpp">
      <Filter>Source</Filter>
    </ClCompile>
    <ClCompile Include="engine\Utility\Math\WorldTransform.cpp">
      <Filter>Source</Filter>
    </ClCompile>
    <ClCompile Include="application\Object\Player\PlayerBullet\NormalBullet\PlayerBulletNormal.cpp" />
    <ClCompile Include="application\Object\Player\PlayerBullet\NormalBullet\NormalBulletLiner.cpp" />
    <ClCompile Include="application\Object\Player\PlayerBullet\NormalBullet\NormalBulletAfterCollision.cpp" />
    <ClCompile Include="application\Scene\GameScene\GameSceneStates\GameSceneUI.cpp" />
    <ClCompile Include="application\Object\Player\PlayerBullet\PlayerBulletManager.cpp" />
    <ClCompile Include="application\Object\Enemy\EnemyCollider.cpp" />
    <ClCompile Include="engine\Utility\Collider\CollisionFunc.cpp" />
    <ClCompile Include="engine\Utility\Collider\Ray\RayCollider.cpp" />
    <ClCompile Include="application\Object\Player\Reticle\Reticle.cpp" />
    <ClCompile Include="application\Object\Player\Reticle\ReticleCollider.cpp" />
  </ItemGroup>
  <ItemGroup>
    <ClInclude Include="engine\Framework\AbstractSceneFactory.h">
      <Filter>Header</Filter>
    </ClInclude>
    <ClInclude Include="engine\Audio\Audio.h">
      <Filter>Header</Filter>
    </ClInclude>
    <ClInclude Include="application\Object\BaseCharacter\BaseCharacter.h">
      <Filter>Header</Filter>
    </ClInclude>
    <ClInclude Include="engine\Utility\ObjectBasis\BaseObject.h">
      <Filter>Header</Filter>
    </ClInclude>
    <ClInclude Include="engine\Utility\SceneObjects\BaseObject.h">
      <Filter>Header</Filter>
    </ClInclude>
    <ClInclude Include="engine\Utility\Loader\BlenderLevelLoader.h">
      <Filter>Header</Filter>
    </ClInclude>
    <ClInclude Include="engine\Camera\Camera.h">
      <Filter>Header</Filter>
    </ClInclude>
    <ClInclude Include="engine\Utility\Collider\Collider.h">
      <Filter>Header</Filter>
    </ClInclude>
    <ClInclude Include="engine\Utility\Collider\ColliderManager.h">
      <Filter>Header</Filter>
    </ClInclude>
    <ClInclude Include="application\Object\ColliderTypeID\ColliderTypeID.h">
      <Filter>Header</Filter>
    </ClInclude>
    <ClInclude Include="engine\OffScreen\CopyPass.h">
      <Filter>Header</Filter>
    </ClInclude>
    <ClInclude Include="engine\Graphics\Cubemap\CubemapBasis.h">
      <Filter>Header</Filter>
    </ClInclude>
    <ClInclude Include="engine\Effect\CylinderParticle.h">
      <Filter>Header</Filter>
    </ClInclude>
    <ClInclude Include="engine\EngineCore\D3DResourceLeakChecker.h">
      <Filter>Header</Filter>
    </ClInclude>
    <ClInclude Include="engine\EngineCore\DirectXBasis.h">
      <Filter>Header</Filter>
    </ClInclude>
    <ClInclude Include="application\Object\Enemy\Enemy.h">
      <Filter>Header</Filter>
    </ClInclude>
    <ClInclude Include="application\Object\Enemy\EnemyEditor.h">
      <Filter>Header</Filter>
    </ClInclude>
    <ClInclude Include="application\Object\Enemy\EnemyManager.h">
      <Filter>Header</Filter>
    </ClInclude>
    <ClInclude Include="application\Scene\Transition\Fade\FadeTransition.h">
      <Filter>Header</Filter>
    </ClInclude>
    <ClInclude Include="engine\Framework\GameCore.h">
      <Filter>Header</Filter>
    </ClInclude>
    <ClInclude Include="application\Scene\GameScene\GameScene.h">
      <Filter>Header</Filter>
    </ClInclude>
    <ClInclude Include="externals\imgui\imconfig.h">
      <Filter>Header</Filter>
    </ClInclude>
    <ClInclude Include="externals\imgui\imgui.h">
      <Filter>Header</Filter>
    </ClInclude>
    <ClInclude Include="externals\imgui\imgui_impl_dx12.h">
      <Filter>Header</Filter>
    </ClInclude>
    <ClInclude Include="externals\imgui\imgui_impl_win32.h">
      <Filter>Header</Filter>
    </ClInclude>
    <ClInclude Include="externals\imgui\imgui_internal.h">
      <Filter>Header</Filter>
    </ClInclude>
    <ClInclude Include="engine\Debugger\ImGuiManager.h">
      <Filter>Header</Filter>
    </ClInclude>
    <ClInclude Include="externals\imgui\imstb_rectpack.h">
      <Filter>Header</Filter>
    </ClInclude>
    <ClInclude Include="externals\imgui\imstb_textedit.h">
      <Filter>Header</Filter>
    </ClInclude>
    <ClInclude Include="externals\imgui\imstb_truetype.h">
      <Filter>Header</Filter>
    </ClInclude>
    <ClInclude Include="engine\Framework\Input\Input.h">
      <Filter>Header</Filter>
    </ClInclude>
    <ClInclude Include="engine\Effect\IParticleRenderer.h">
      <Filter>Header</Filter>
    </ClInclude>
    <ClInclude Include="engine\Framework\SceneBase\IScene.h">
      <Filter>Header</Filter>
    </ClInclude>
    <ClInclude Include="application\Scene\Transition\ITransition.h">
      <Filter>Header</Filter>
    </ClInclude>
    <ClInclude Include="engine\Utility\SceneObjects\LevelObject.h">
      <Filter>Header</Filter>
    </ClInclude>
    <ClInclude Include="engine\EngineCore\Logger.h">
      <Filter>Header</Filter>
    </ClInclude>
    <ClInclude Include="engine\Utility\Math\mathFunc.h">
      <Filter>Header</Filter>
    </ClInclude>
    <ClInclude Include="engine\Utility\Math\Matrix4x4Func.h">
      <Filter>Header</Filter>
    </ClInclude>
    <ClInclude Include="engine\Graphics\Model\Model.h">
      <Filter>Header</Filter>
    </ClInclude>
    <ClInclude Include="engine\Graphics\Model\ModelManager.h">
      <Filter>Header</Filter>
    </ClInclude>
    <ClInclude Include="engine\Graphics\Model\ModelLoader.h">
      <Filter>Header</Filter>
    </ClInclude>
    <ClInclude Include="engine\Graphics\Model\Object3d.h">
      <Filter>Header</Filter>
    </ClInclude>
    <ClInclude Include="engine\Graphics\Model\Object3dBasis.h">
      <Filter>Header</Filter>
    </ClInclude>
    <ClInclude Include="engine\Graphics\Cubemap\ObjectCubemap.h">
      <Filter>Header</Filter>
    </ClInclude>
    <ClInclude Include="engine\Effect\ParticleManager.h">
      <Filter>Header</Filter>
    </ClInclude>
    <ClInclude Include="application\Scene\GameScene\Pause\Pause.h">
      <Filter>Header</Filter>
    </ClInclude>
    <ClInclude Include="engine\Effect\PlaneParticle.h">
      <Filter>Header</Filter>
    </ClInclude>
    <ClInclude Include="application\Object\Player\Player.h">
      <Filter>Header</Filter>
    </ClInclude>
    <ClInclude Include="application\Object\Player\PlayerCollider.h">
      <Filter>Header</Filter>
    </ClInclude>
    <ClInclude Include="application\Scene\GameScene\PlayUI\PlayUI.h">
      <Filter>Header</Filter>
    </ClInclude>
    <ClInclude Include="application\Object\Rail\Rail.h">
      <Filter>Header</Filter>
    </ClInclude>
    <ClInclude Include="application\Object\Rail\RailEditor.h">
      <Filter>Header</Filter>
    </ClInclude>
    <ClInclude Include="application\Object\Rail\RailManager.h">
      <Filter>Header</Filter>
    </ClInclude>
    <ClInclude Include="engine\OffScreen\RenderTexture.h">
      <Filter>Header</Filter>
    </ClInclude>
    <ClInclude Include="application\Scene\GameScene\Result\Result.h">
      <Filter>Header</Filter>
    </ClInclude>
    <ClInclude Include="engine\Effect\RingParticle.h">
      <Filter>Header</Filter>
    </ClInclude>
    <ClInclude Include="engine\Framework\SceneBase\SceneFactory.h">
      <Filter>Header</Filter>
    </ClInclude>
    <ClInclude Include="engine\Framework\SceneBase\SceneManager.h">
      <Filter>Header</Filter>
    </ClInclude>
    <ClInclude Include="application\Score\score.h">
      <Filter>Header</Filter>
    </ClInclude>
    <ClInclude Include="application\Skydome\Skydome.h">
      <Filter>Header</Filter>
    </ClInclude>
    <ClInclude Include="engine\Utility\Collider\Sphere\SphereCollider.h">
      <Filter>Header</Filter>
    </ClInclude>
    <ClInclude Include="engine\Graphics\Sprite\Sprite.h">
      <Filter>Header</Filter>
    </ClInclude>
    <ClInclude Include="engine\Graphics\Sprite\SpriteBasis.h">
      <Filter>Header</Filter>
    </ClInclude>
    <ClInclude Include="engine\Graphics\SRV\SrvManager.h">
      <Filter>Header</Filter>
    </ClInclude>
    <ClInclude Include="application\Stage\Stage.h">
      <Filter>Header</Filter>
    </ClInclude>
    <ClInclude Include="application\Stage\StageManager.h">
      <Filter>Header</Filter>
    </ClInclude>
    <ClInclude Include="engine\Utility\Utils\StateMachine.h">
      <Filter>Header</Filter>
    </ClInclude>
    <ClInclude Include="application\Scene\Transition\StateMachineTransition.h">
      <Filter>Header</Filter>
    </ClInclude>
    <ClInclude Include="engine\Audio\StreamingAudio.h">
      <Filter>Header</Filter>
    </ClInclude>
    <ClInclude Include="engine\Utility\Utils\StringUtility.h">
      <Filter>Header</Filter>
    </ClInclude>
    <ClInclude Include="engine\Utility\Math\struct.h">
      <Filter>Header</Filter>
    </ClInclude>
    <ClInclude Include="engine\Graphics\Sprite\TextureManager.h">
      <Filter>Header</Filter>
    </ClInclude>
    <ClInclude Include="application\Scene\TitleScene\TitleScene.h">
      <Filter>Header</Filter>
    </ClInclude>
    <ClInclude Include="application\Scene\Transition\TransitionManager.h">
      <Filter>Header</Filter>
    </ClInclude>
    <ClInclude Include="engine\Framework\TYFrameWork.h">
      <Filter>Header</Filter>
    </ClInclude>
    <ClInclude Include="engine\EngineCore\WindowsApp.h">
      <Filter>Header</Filter>
    </ClInclude>
    <ClInclude Include="engine\Utility\Math\WorldTransform.h">
      <Filter>Header</Filter>
    </ClInclude>
    <ClInclude Include="application\Object\BaseBullet\BaseBullet.h" />
    <ClInclude Include="application\Object\Player\PlayerBullet\NormalBullet\PlayerBulletNormal.h" />
    <ClInclude Include="application\Object\Player\PlayerBullet\PBulletCollider.h" />
    <ClInclude Include="application\Object\Player\PlayerBullet\PlayerBulletManager.h" />
    <ClInclude Include="application\Object\Enemy\EnemyCollider.h" />
    <ClInclude Include="engine\Utility\Collider\CollisionFunc.h" />
    <ClInclude Include="engine\Utility\Collider\Ray\RayCollider.h" />
    <ClInclude Include="application\Object\Player\Reticle\Reticle.h" />
    <ClInclude Include="application\Object\Player\Reticle\ReticleCollider.h" />
  </ItemGroup>
  <ItemGroup>
    <Text Include="externals\imgui\LICENSE.txt" />
  </ItemGroup>
  <ItemGroup>
    <Filter Include="Source">
      <UniqueIdentifier>{3eaf6728-bc0b-4079-bd3c-a6b852d70a9f}</UniqueIdentifier>
    </Filter>
    <Filter Include="Header">
      <UniqueIdentifier>{ff713001-1882-4c35-bef1-6d29a8d0ad75}</UniqueIdentifier>
    </Filter>
  </ItemGroup>
</Project>