<?xml version="1.0" encoding="utf-8"?>
<Project ToolsVersion="4.0" xmlns="http://schemas.microsoft.com/developer/msbuild/2003">
  <ItemGroup>
    <Filter Include="application">
      <UniqueIdentifier>{3eeb71a6-cc5f-4d7e-80f5-4d5244f2101a}</UniqueIdentifier>
    </Filter>
    <Filter Include="application\AppSystem">
      <UniqueIdentifier>{0656b126-78e4-4e20-9f14-6f17ca9cf687}</UniqueIdentifier>
    </Filter>
    <Filter Include="application\AppSystem\Audio">
      <UniqueIdentifier>{468a1f23-990f-47b4-9cad-e1805791d8eb}</UniqueIdentifier>
    </Filter>
    <Filter Include="application\AppSystem\Combo">
      <UniqueIdentifier>{a0515779-c867-498d-b1d0-17f0cb3614a5}</UniqueIdentifier>
    </Filter>
    <Filter Include="application\AppSystem\EventListener">
      <UniqueIdentifier>{ecc271ed-ef85-4fb5-b939-80da565538a7}</UniqueIdentifier>
    </Filter>
    <Filter Include="application\AppSystem\EventListener\EnemyEvent">
      <UniqueIdentifier>{2663e328-df9f-4c9f-a0c8-cd4cf6577cbc}</UniqueIdentifier>
    </Filter>
    <Filter Include="application\AppSystem\RailGenerator">
      <UniqueIdentifier>{ea9e8741-4aa2-4ee4-81a2-566a37bd82c0}</UniqueIdentifier>
    </Filter>
    <Filter Include="application\AppSystem\Score">
      <UniqueIdentifier>{70842d29-eedf-41ae-8c43-801f179a824e}</UniqueIdentifier>
    </Filter>
    <Filter Include="application\AppSystem\UI">
      <UniqueIdentifier>{7e047943-128c-40d1-b613-0b2ef538b8a8}</UniqueIdentifier>
    </Filter>
    <Filter Include="application\Object">
      <UniqueIdentifier>{ac67c0dd-23ca-4329-a66d-e34b0317cad2}</UniqueIdentifier>
    </Filter>
    <Filter Include="application\Object\BaseBullet">
      <UniqueIdentifier>{5ba698e1-ba1d-425a-92c7-b138e79a6ba6}</UniqueIdentifier>
    </Filter>
    <Filter Include="application\Object\BaseCharacter">
      <UniqueIdentifier>{e2e07e1d-8f7f-44d4-8879-925a0409bf62}</UniqueIdentifier>
    </Filter>
    <Filter Include="application\Object\ColliderTypeID">
      <UniqueIdentifier>{edc2e14e-6c6a-4c37-b0eb-39d7c635dd46}</UniqueIdentifier>
    </Filter>
    <Filter Include="application\Object\Enemy">
      <UniqueIdentifier>{02dacd94-bce9-4a72-9f2b-2b2427b92f49}</UniqueIdentifier>
    </Filter>
    <Filter Include="application\Object\Enemy\AttackStrategy">
      <UniqueIdentifier>{3edf2204-3651-4717-b206-9d1453d9f63d}</UniqueIdentifier>
    </Filter>
    <Filter Include="application\Object\Enemy\EnemyBullet">
      <UniqueIdentifier>{f907a9c1-d6c4-4f87-89ba-bb3d810a1a4c}</UniqueIdentifier>
    </Filter>
    <Filter Include="application\Object\Enemy\EnemyBullet\Linear">
      <UniqueIdentifier>{f3b2928b-236b-462c-a1ab-a8fbdd22727b}</UniqueIdentifier>
    </Filter>
    <Filter Include="application\Object\Enemy\EnemyManager">
      <UniqueIdentifier>{c72e8557-fa38-44bb-9581-a071698d6e9f}</UniqueIdentifier>
    </Filter>
    <Filter Include="application\Object\Player">
      <UniqueIdentifier>{08de5c78-01b5-4509-8f24-215fd2c2b94f}</UniqueIdentifier>
    </Filter>
    <Filter Include="application\Object\Player\PAttackStrategy">
      <UniqueIdentifier>{d4e1dcbe-167a-4128-be50-1565a716ef7d}</UniqueIdentifier>
    </Filter>
    <Filter Include="application\Object\Player\PlayerBullet">
      <UniqueIdentifier>{e044a314-fd1a-473a-8aea-ccb342d76b29}</UniqueIdentifier>
    </Filter>
    <Filter Include="application\Object\Player\PlayerBullet\HomingBullet">
      <UniqueIdentifier>{a7285ef8-c534-4519-bce3-faf2cfc2396e}</UniqueIdentifier>
    </Filter>
    <Filter Include="application\Object\Player\PlayerBullet\NormalBullet">
      <UniqueIdentifier>{cb8d0966-449a-4d5e-8683-713bd8ca84ef}</UniqueIdentifier>
    </Filter>
    <Filter Include="application\Object\Player\PlayerState">
      <UniqueIdentifier>{b1d1792d-e231-4cf6-8590-708fb93022c8}</UniqueIdentifier>
    </Filter>
    <Filter Include="application\Object\Player\Reticle">
      <UniqueIdentifier>{d4b168f2-bf81-452f-8d0c-eff6edd5e28e}</UniqueIdentifier>
    </Filter>
    <Filter Include="application\Object\Rail">
      <UniqueIdentifier>{7926fe4b-db9c-485a-bb36-b7ad7ed64912}</UniqueIdentifier>
    </Filter>
    <Filter Include="application\Scene">
      <UniqueIdentifier>{7d63bd3c-3dac-4067-9639-21c29f19fc24}</UniqueIdentifier>
    </Filter>
    <Filter Include="application\Scene\GameScene">
      <UniqueIdentifier>{3806eb9e-f968-44ea-b7bd-126e5de43bb3}</UniqueIdentifier>
    </Filter>
    <Filter Include="application\Scene\GameScene\GameSceneStates">
      <UniqueIdentifier>{6c204b47-cd47-421e-9e2b-19f996b27052}</UniqueIdentifier>
    </Filter>
    <Filter Include="application\Scene\GameScene\Pause">
      <UniqueIdentifier>{25254793-6404-40f9-b343-0d2ffe11a43b}</UniqueIdentifier>
    </Filter>
    <Filter Include="application\Scene\GameScene\PlayUI">
      <UniqueIdentifier>{591c8b42-3632-4b3d-9486-6cda4cbf20da}</UniqueIdentifier>
    </Filter>
    <Filter Include="application\Scene\GameScene\Result">
      <UniqueIdentifier>{872b58de-a1ff-4388-8601-c48847923d1e}</UniqueIdentifier>
    </Filter>
    <Filter Include="application\Scene\GameScene\RetryUI">
      <UniqueIdentifier>{a1bca67f-5528-4928-8756-7ba5db2cdc70}</UniqueIdentifier>
    </Filter>
    <Filter Include="application\Scene\GameScene\StartUI">
      <UniqueIdentifier>{311635a2-a588-4fec-90f3-2658427ea768}</UniqueIdentifier>
    </Filter>
    <Filter Include="application\Scene\SceneFactory">
      <UniqueIdentifier>{b3b15521-44f3-4743-810a-1dde8e798753}</UniqueIdentifier>
    </Filter>
    <Filter Include="application\Scene\TitleScene">
      <UniqueIdentifier>{ca7b42b6-7096-472c-9f66-baca235ea5eb}</UniqueIdentifier>
    </Filter>
    <Filter Include="application\Scene\TitleScene\TitleSceneStates">
      <UniqueIdentifier>{dbcb105c-ef9b-44a5-b4c7-4292756b973c}</UniqueIdentifier>
    </Filter>
    <Filter Include="application\Scene\Transition">
      <UniqueIdentifier>{cee53b1a-05e0-4696-8943-89fba7bbcc79}</UniqueIdentifier>
    </Filter>
    <Filter Include="application\ScoreUI">
      <UniqueIdentifier>{04a0475a-bbb5-4296-a44c-d1978a9f9a8f}</UniqueIdentifier>
    </Filter>
    <Filter Include="application\Stage">
      <UniqueIdentifier>{45f437bc-2f62-4df8-b1ec-38f973898786}</UniqueIdentifier>
    </Filter>
    <Filter Include="engine">
      <UniqueIdentifier>{32493a42-c127-472f-b8a5-7ab5a7d5bcaf}</UniqueIdentifier>
    </Filter>
    <Filter Include="engine\Audio">
      <UniqueIdentifier>{5e8cb205-2598-4340-a5c0-9aa5b0120118}</UniqueIdentifier>
    </Filter>
    <Filter Include="engine\Audio\Analysis">
      <UniqueIdentifier>{61320bb0-3091-46e4-bc89-85ea15a78792}</UniqueIdentifier>
    </Filter>
    <Filter Include="engine\Audio\Core">
      <UniqueIdentifier>{21e6daf0-f782-47ee-93fc-14416fe30b85}</UniqueIdentifier>
    </Filter>
    <Filter Include="engine\Audio\DSP">
      <UniqueIdentifier>{2644bd61-6a79-4fe0-93ff-ec3cafc6c41c}</UniqueIdentifier>
    </Filter>
    <Filter Include="engine\Camera">
      <UniqueIdentifier>{6a625d03-0466-49ba-98cd-39ad60310fc6}</UniqueIdentifier>
    </Filter>
    <Filter Include="engine\Debugger">
      <UniqueIdentifier>{b3806eb4-6cfc-44d3-bfbd-0b9f9cd293be}</UniqueIdentifier>
    </Filter>
    <Filter Include="engine\Effect">
      <UniqueIdentifier>{2ce97c9a-6c4a-4ecd-8c05-5a483683b78d}</UniqueIdentifier>
    </Filter>
    <Filter Include="engine\EngineCore">
      <UniqueIdentifier>{90a54317-65be-4357-933e-e92cef840662}</UniqueIdentifier>
    </Filter>
    <Filter Include="engine\Framework">
      <UniqueIdentifier>{ed7ed002-f98d-4836-be85-37e6db312dbf}</UniqueIdentifier>
    </Filter>
    <Filter Include="engine\Framework\Input">
      <UniqueIdentifier>{f7c13395-d43d-4451-ac1f-bfa86539b089}</UniqueIdentifier>
    </Filter>
    <Filter Include="engine\Framework\SceneBase">
      <UniqueIdentifier>{027292da-2cc2-4cc3-bc15-a33dc66c9af0}</UniqueIdentifier>
    </Filter>
    <Filter Include="engine\Framework\SceneBase\Transition">
      <UniqueIdentifier>{b25561b2-4b86-4f3e-91e3-30fd5267dc05}</UniqueIdentifier>
    </Filter>
    <Filter Include="engine\Graphics">
      <UniqueIdentifier>{13f4287a-804d-4108-bf1a-6b9b2e5afe03}</UniqueIdentifier>
    </Filter>
    <Filter Include="engine\Graphics\Cubemap">
      <UniqueIdentifier>{01842a56-921b-47d9-b4ff-9899c86f29b0}</UniqueIdentifier>
    </Filter>
    <Filter Include="engine\Graphics\Model">
      <UniqueIdentifier>{93e69725-197c-4327-baa9-f6a2af149550}</UniqueIdentifier>
    </Filter>
    <Filter Include="engine\Graphics\Sprite">
      <UniqueIdentifier>{3712f59a-9425-4162-9b31-c720b1422b64}</UniqueIdentifier>
    </Filter>
    <Filter Include="engine\Graphics\SRV">
      <UniqueIdentifier>{709f1a74-aa77-4f26-b2b7-d2ba31d488cd}</UniqueIdentifier>
    </Filter>
    <Filter Include="engine\OffScreen">
      <UniqueIdentifier>{222c6323-a000-4868-b857-58a5056fb926}</UniqueIdentifier>
    </Filter>
    <Filter Include="engine\OffScreen\PostEffect">
      <UniqueIdentifier>{955b9891-63f7-4f0c-9155-53fa2c699e90}</UniqueIdentifier>
    </Filter>
    <Filter Include="engine\Utility">
      <UniqueIdentifier>{22d7ca04-9f2c-4245-9b34-7e0383d34a14}</UniqueIdentifier>
    </Filter>
    <Filter Include="engine\Utility\Collider">
      <UniqueIdentifier>{88452f2b-be87-4809-ad1c-0d60405052bf}</UniqueIdentifier>
    </Filter>
    <Filter Include="engine\Utility\Collider\2DCollider">
      <UniqueIdentifier>{fea7a2f3-be9c-4bc5-b609-c48393f927ab}</UniqueIdentifier>
    </Filter>
    <Filter Include="engine\Utility\Collider\Ray">
      <UniqueIdentifier>{e24d018e-a213-4497-8f13-11055da13e1a}</UniqueIdentifier>
    </Filter>
    <Filter Include="engine\Utility\Collider\Sphere">
      <UniqueIdentifier>{67d8ecd9-516f-485c-af9a-e173deef06ea}</UniqueIdentifier>
    </Filter>
    <Filter Include="engine\Utility\Loader">
      <UniqueIdentifier>{1eaa9b57-a4b7-4c61-9939-06997df4f5cd}</UniqueIdentifier>
    </Filter>
    <Filter Include="engine\Utility\Math">
      <UniqueIdentifier>{d51460f5-d047-4283-8836-c424547b6775}</UniqueIdentifier>
    </Filter>
    <Filter Include="engine\Utility\ObjectBasis">
      <UniqueIdentifier>{2b3902a7-cc44-4b3c-ae3e-70084d5df248}</UniqueIdentifier>
    </Filter>
    <Filter Include="engine\Utility\SceneObjects">
      <UniqueIdentifier>{756eae99-7635-48e2-b7f5-645ac920ff09}</UniqueIdentifier>
    </Filter>
    <Filter Include="engine\Utility\Utils">
      <UniqueIdentifier>{8f52786d-8271-4641-af1c-a47f83249ac6}</UniqueIdentifier>
    </Filter>
    <Filter Include="engine\Utility\Utils\JSON">
      <UniqueIdentifier>{87e41f88-3cc8-4f04-ab95-37d6dbe7ba6c}</UniqueIdentifier>
    </Filter>
    <Filter Include="engine\Utility\Utils\Time">
      <UniqueIdentifier>{48816aac-fef5-483c-98ad-f6ef6ae02f15}</UniqueIdentifier>
    </Filter>
    <Filter Include="externals">
      <UniqueIdentifier>{75dd9caa-c057-4bd3-bf2b-74594f911621}</UniqueIdentifier>
    </Filter>
    <Filter Include="externals\imgui">
      <UniqueIdentifier>{91ec10a2-1a9f-46c1-81b7-a411a7a731a4}</UniqueIdentifier>
    </Filter>
  </ItemGroup>
  <ItemGroup>
    <ClCompile Include="application\AppSystem\Combo\ComboManager.cpp">
      <Filter>application\AppSystem\Combo</Filter>
    </ClCompile>
    <ClCompile Include="application\AppSystem\RailGenerator\AppRailGenerator.cpp">
      <Filter>application\AppSystem\RailGenerator</Filter>
    </ClCompile>
    <ClCompile Include="application\Object\Enemy\EnemyBullet\Linear\AfterCollisionState.cpp">
      <Filter>application\Object\Enemy\EnemyBullet\Linear</Filter>
    </ClCompile>
    <ClCompile Include="application\Object\Enemy\EnemyBullet\Linear\ShotState.cpp">
      <Filter>application\Object\Enemy\EnemyBullet\Linear</Filter>
    </ClCompile>
    <ClCompile Include="application\Object\Player\PlayerBullet\HomingBullet\PlayerBulletHoming.cpp">
      <Filter>application\Object\Player\PlayerBullet\HomingBullet</Filter>
    </ClCompile>
    <ClCompile Include="application\Object\Player\PlayerJson.cpp">
      <Filter>application\Object\Player</Filter>
    </ClCompile>
    <ClCompile Include="application\Object\Player\PlayerState\PlayerBarrelRoll.cpp">
      <Filter>application\Object\Player\PlayerState</Filter>
    </ClCompile>
    <ClCompile Include="application\Object\Player\PlayerState\PlayerBoost.cpp">
      <Filter>application\Object\Player\PlayerState</Filter>
    </ClCompile>
    <ClCompile Include="application\Object\Player\PlayerState\PlayerDead.cpp">
      <Filter>application\Object\Player\PlayerState</Filter>
    </ClCompile>
    <ClCompile Include="application\Object\Player\PlayerState\PlayerIdle.cpp">
      <Filter>application\Object\Player\PlayerState</Filter>
    </ClCompile>
    <ClCompile Include="application\Object\Player\PlayerState\PlayerRoute.cpp">
      <Filter>application\Object\Player\PlayerState</Filter>
    </ClCompile>
    <ClCompile Include="application\Object\Player\PlayerState\PlayerTakeDamage.cpp">
      <Filter>application\Object\Player\PlayerState</Filter>
    </ClCompile>
    <ClCompile Include="application\Scene\GameScene\EmitterInit.cpp">
      <Filter>application\Scene\GameScene</Filter>
    </ClCompile>
    <ClCompile Include="application\Scene\GameScene\GameScene.cpp">
      <Filter>application\Scene\GameScene</Filter>
    </ClCompile>
    <ClCompile Include="application\Object\Rail\Rail.cpp">
      <Filter>application\Object\Rail</Filter>
    </ClCompile>
    <ClCompile Include="application\Scene\GameScene\GameSceneStates\GameSceneDead.cpp">
      <Filter>application\Scene\GameScene\GameSceneStates</Filter>
    </ClCompile>
    <ClCompile Include="application\Scene\GameScene\GameSceneStates\GameSceneDebugEdit.cpp">
      <Filter>application\Scene\GameScene\GameSceneStates</Filter>
    </ClCompile>
    <ClCompile Include="application\Scene\GameScene\GameSceneStates\GameSceneFadeIn.cpp">
      <Filter>application\Scene\GameScene\GameSceneStates</Filter>
    </ClCompile>
    <ClCompile Include="application\Scene\GameScene\GameSceneStates\GameSceneFadeOut.cpp">
      <Filter>application\Scene\GameScene\GameSceneStates</Filter>
    </ClCompile>
    <ClCompile Include="application\Scene\GameScene\GameSceneStates\GameSceneLoad.cpp">
      <Filter>application\Scene\GameScene\GameSceneStates</Filter>
    </ClCompile>
    <ClCompile Include="application\Scene\GameScene\GameSceneStates\GameScenePause.cpp">
      <Filter>application\Scene\GameScene\GameSceneStates</Filter>
    </ClCompile>
    <ClCompile Include="application\Scene\GameScene\GameSceneStates\GameScenePlay.cpp">
      <Filter>application\Scene\GameScene\GameSceneStates</Filter>
    </ClCompile>
    <ClCompile Include="application\Scene\GameScene\GameSceneStates\GameSceneReady.cpp">
      <Filter>application\Scene\GameScene\GameSceneStates</Filter>
    </ClCompile>
    <ClCompile Include="application\Scene\GameScene\GameSceneStates\GameSceneResult.cpp">
      <Filter>application\Scene\GameScene\GameSceneStates</Filter>
    </ClCompile>
    <ClCompile Include="application\Scene\GameScene\GameSceneStates\GameSceneRetry.cpp">
      <Filter>application\Scene\GameScene\GameSceneStates</Filter>
    </ClCompile>
    <ClCompile Include="application\Scene\GameScene\GameSceneStates\GameSceneUI.cpp">
      <Filter>application\Scene\GameScene\GameSceneStates</Filter>
    </ClCompile>
    <ClCompile Include="application\Scene\GameScene\GameSceneStates\GameSceneClear.cpp">
      <Filter>application\Scene\GameScene\GameSceneStates</Filter>
    </ClCompile>
    <ClCompile Include="application\Scene\GameScene\Result\ConfettiSystem.cpp">
      <Filter>application\Scene\GameScene\Result</Filter>
    </ClCompile>
    <ClCompile Include="application\Scene\TitleScene\TitleSceneStates\TitleSceneDebug.cpp">
      <Filter>application\Scene\TitleScene\TitleSceneStates</Filter>
    </ClCompile>
    <ClCompile Include="application\Scene\TitleScene\TitleSceneStates\TitleSceneFadeIn.cpp">
      <Filter>application\Scene\TitleScene\TitleSceneStates</Filter>
    </ClCompile>
    <ClCompile Include="application\Scene\TitleScene\TitleSceneStates\TitleSceneFadeOut.cpp">
      <Filter>application\Scene\TitleScene\TitleSceneStates</Filter>
    </ClCompile>
    <ClCompile Include="application\Scene\TitleScene\TitleSceneStates\TitleSceneLoad.cpp">
      <Filter>application\Scene\TitleScene\TitleSceneStates</Filter>
    </ClCompile>
    <ClCompile Include="application\Scene\TitleScene\TitleSceneStates\TitleScenePlay.cpp">
      <Filter>application\Scene\TitleScene\TitleSceneStates</Filter>
    </ClCompile>
    <ClCompile Include="application\Scene\TitleScene\TitleSceneStates\TitleSceneReady.cpp">
      <Filter>application\Scene\TitleScene\TitleSceneStates</Filter>
    </ClCompile>
    <ClCompile Include="application\ScoreUI\ScoreUI.cpp">
      <Filter>application\ScoreUI</Filter>
    </ClCompile>
    <ClCompile Include="application\Object\Enemy\Enemy.cpp">
      <Filter>application\Object\Enemy</Filter>
    </ClCompile>
    <ClCompile Include="application\Object\Enemy\EnemyCollider.cpp">
      <Filter>application\Object\Enemy</Filter>
    </ClCompile>
    <ClCompile Include="application\Object\Enemy\EnemyBullet\EnemyBulletManager.cpp">
      <Filter>application\Object\Enemy\EnemyBullet</Filter>
    </ClCompile>
    <ClCompile Include="application\Scene\Transition\BlockFadeTransition.cpp">
      <Filter>application\Scene\Transition</Filter>
    </ClCompile>
    <ClCompile Include="engine\Audio\Analysis\BeatAnalyzer.cpp">
      <Filter>engine\Audio\Analysis</Filter>
    </ClCompile>
    <ClCompile Include="engine\Audio\DSP\BiquadFilter.cpp">
      <Filter>engine\Audio\DSP</Filter>
    </ClCompile>
    <ClCompile Include="engine\Audio\Analysis\BPMDetector.cpp">
      <Filter>engine\Audio\Analysis</Filter>
    </ClCompile>
    <ClCompile Include="engine\Audio\Analysis\AudioAnalyzer.cpp">
      <Filter>engine\Audio\Analysis</Filter>
    </ClCompile>
    <ClCompile Include="engine\Audio\DSP\MyAnalyzerXAPO.cpp">
      <Filter>engine\Audio\DSP</Filter>
    </ClCompile>
    <ClCompile Include="engine\Audio\Analysis\OfflineAudioAnalyzer.cpp">
      <Filter>engine\Audio\Analysis</Filter>
    </ClCompile>
    <ClCompile Include="externals\xapobase.cpp">
      <Filter>externals</Filter>
    </ClCompile>
    <ClCompile Include="engine\Effect\ContrailBehaviour.cpp">
      <Filter>engine\Effect</Filter>
    </ClCompile>
    <ClCompile Include="engine\Effect\DebrisBehaviour.cpp">
      <Filter>engine\Effect</Filter>
    </ClCompile>
    <ClCompile Include="engine\Effect\ExplosionBehaviour.cpp">
      <Filter>engine\Effect</Filter>
    </ClCompile>
    <ClCompile Include="engine\Effect\ExplosionRingBehaviour.cpp">
      <Filter>engine\Effect</Filter>
    </ClCompile>
    <ClCompile Include="engine\OffScreen\PostEffect\DoFPass.cpp">
      <Filter>engine\OffScreen\PostEffect</Filter>
    </ClCompile>
    <ClCompile Include="engine\OffScreen\PostEffect\CopyImage.cpp">
      <Filter>engine\OffScreen\PostEffect</Filter>
    </ClCompile>
    <ClCompile Include="engine\OffScreen\PostEffect\DissolveEffect.cpp">
      <Filter>engine\OffScreen\PostEffect</Filter>
    </ClCompile>
    <ClCompile Include="engine\OffScreen\PostEffect\BoxFilterEffect.cpp">
      <Filter>engine\OffScreen\PostEffect</Filter>
    </ClCompile>
    <ClCompile Include="engine\Utility\Math\Ease.cpp">
      <Filter>engine\Utility\Math</Filter>
    </ClCompile>
    <ClCompile Include="engine\Utility\Utils\Time\BulletTimeController.cpp">
      <Filter>engine\Utility\Utils\Time</Filter>
    </ClCompile>
    <ClCompile Include="engine\Utility\Collider\ColliderManager.cpp">
      <Filter>engine\Utility\Collider</Filter>
    </ClCompile>
    <ClCompile Include="engine\Graphics\Cubemap\CubemapBasis.cpp">
      <Filter>engine\Graphics\Cubemap</Filter>
    </ClCompile>
    <ClCompile Include="engine\Utility\Collider\CollisionFunc.cpp">
      <Filter>engine\Utility\Collider</Filter>
    </ClCompile>
    <ClCompile Include="engine\Utility\Loader\BlenderLevelLoader.cpp">
      <Filter>engine\Utility\Loader</Filter>
    </ClCompile>
    <ClCompile Include="engine\Effect\CylinderParticle.cpp">
      <Filter>engine\Effect</Filter>
    </ClCompile>
    <ClCompile Include="engine\OffScreen\CopyPass.cpp">
      <Filter>engine\OffScreen</Filter>
    </ClCompile>
    <ClCompile Include="engine\Audio\Core\Audio.cpp">
      <Filter>engine\Audio\Core</Filter>
    </ClCompile>
    <ClCompile Include="engine\Camera\Camera.cpp">
      <Filter>engine\Camera</Filter>
    </ClCompile>
    <ClCompile Include="engine\Debugger\ImGuiManager.cpp">
      <Filter>engine\Debugger</Filter>
    </ClCompile>
    <ClCompile Include="engine\Effect\IParticleRenderer.cpp">
      <Filter>engine\Effect</Filter>
    </ClCompile>
    <ClCompile Include="engine\EngineCore\D3DResourceLeakChecker.cpp">
      <Filter>engine\EngineCore</Filter>
    </ClCompile>
    <ClCompile Include="engine\EngineCore\DirectXBasis.cpp">
      <Filter>engine\EngineCore</Filter>
    </ClCompile>
    <ClCompile Include="engine\Debugger\Logger.cpp">
      <Filter>engine\Debugger</Filter>
    </ClCompile>
    <ClCompile Include="engine\EngineCore\WindowsApp.cpp">
      <Filter>engine\EngineCore</Filter>
    </ClCompile>
    <ClCompile Include="application\GameCore.cpp">
      <Filter>application</Filter>
    </ClCompile>
    <ClCompile Include="engine\Framework\SceneBase\SceneManager.cpp">
      <Filter>engine\Framework\SceneBase</Filter>
    </ClCompile>
    <ClCompile Include="engine\Framework\TYFrameWork.cpp">
      <Filter>engine\Framework</Filter>
    </ClCompile>
    <ClCompile Include="engine\Graphics\Model\Model.cpp">
      <Filter>engine\Graphics\Model</Filter>
    </ClCompile>
    <ClCompile Include="engine\Graphics\Model\ModelLoader.cpp">
      <Filter>engine\Graphics\Model</Filter>
    </ClCompile>
    <ClCompile Include="engine\Graphics\Model\ModelManager.cpp">
      <Filter>engine\Graphics\Model</Filter>
    </ClCompile>
    <ClCompile Include="engine\Graphics\Model\Object3d.cpp">
      <Filter>engine\Graphics\Model</Filter>
    </ClCompile>
    <ClCompile Include="engine\Graphics\Model\Object3dBasis.cpp">
      <Filter>engine\Graphics\Model</Filter>
    </ClCompile>
    <ClCompile Include="engine\Graphics\Sprite\Sprite.cpp">
      <Filter>engine\Graphics\Sprite</Filter>
    </ClCompile>
    <ClCompile Include="engine\Graphics\Sprite\SpriteBasis.cpp">
      <Filter>engine\Graphics\Sprite</Filter>
    </ClCompile>
    <ClCompile Include="engine\Graphics\Sprite\TextureManager.cpp">
      <Filter>engine\Graphics\Sprite</Filter>
    </ClCompile>
    <ClCompile Include="engine\Graphics\SRV\SrvManager.cpp">
      <Filter>engine\Graphics\SRV</Filter>
    </ClCompile>
    <ClCompile Include="engine\Framework\Input\Input.cpp">
      <Filter>engine\Framework\Input</Filter>
    </ClCompile>
    <ClCompile Include="engine\Utility\Math\MathFunc.cpp">
      <Filter>engine\Utility\Math</Filter>
    </ClCompile>
    <ClCompile Include="engine\Utility\Math\Matrix4x4Func.cpp">
      <Filter>engine\Utility\Math</Filter>
    </ClCompile>
    <ClCompile Include="engine\Utility\Utils\StringUtility.cpp">
      <Filter>engine\Utility\Utils</Filter>
    </ClCompile>
    <ClCompile Include="engine\Utility\Math\WorldTransform.cpp">
      <Filter>engine\Utility\Math</Filter>
    </ClCompile>
    <ClCompile Include="externals\imgui\imgui.cpp">
      <Filter>externals\imgui</Filter>
    </ClCompile>
    <ClCompile Include="externals\imgui\imgui_demo.cpp">
      <Filter>externals\imgui</Filter>
    </ClCompile>
    <ClCompile Include="externals\imgui\imgui_draw.cpp">
      <Filter>externals\imgui</Filter>
    </ClCompile>
    <ClCompile Include="externals\imgui\imgui_impl_dx12.cpp">
      <Filter>externals\imgui</Filter>
    </ClCompile>
    <ClCompile Include="externals\imgui\imgui_impl_win32.cpp">
      <Filter>externals\imgui</Filter>
    </ClCompile>
    <ClCompile Include="externals\imgui\imgui_tables.cpp">
      <Filter>externals\imgui</Filter>
    </ClCompile>
    <ClCompile Include="externals\imgui\imgui_widgets.cpp">
      <Filter>externals\imgui</Filter>
    </ClCompile>
    <ClCompile Include="application\main.cpp">
      <Filter>application</Filter>
    </ClCompile>
    <ClCompile Include="application\Scene\TitleScene\TitleScene.cpp">
      <Filter>application\Scene\TitleScene</Filter>
    </ClCompile>
    <ClCompile Include="engine\Audio\Core\StreamingAudio.cpp">
      <Filter>engine\Audio\Core</Filter>
    </ClCompile>
    <ClCompile Include="application\Scene\SceneFactory\SceneFactory.cpp">
      <Filter>application\Scene\SceneFactory</Filter>
    </ClCompile>
    <ClCompile Include="engine\Effect\ParticleManager.cpp">
      <Filter>engine\Effect</Filter>
    </ClCompile>
    <ClCompile Include="engine\Effect\PlaneParticle.cpp">
      <Filter>engine\Effect</Filter>
    </ClCompile>
    <ClCompile Include="engine\Effect\RingParticle.cpp">
      <Filter>engine\Effect</Filter>
    </ClCompile>
    <ClCompile Include="engine\OffScreen\RenderTexture.cpp">
      <Filter>engine\OffScreen</Filter>
    </ClCompile>
    <ClCompile Include="engine\Utility\SceneObjects\LevelObject.cpp">
      <Filter>engine\Utility\SceneObjects</Filter>
    </ClCompile>
    <ClCompile Include="application\Stage\Stage.cpp">
      <Filter>application\Stage</Filter>
    </ClCompile>
    <ClCompile Include="application\Scene\Transition\FadeTransition.cpp">
      <Filter>application\Scene\Transition</Filter>
    </ClCompile>
    <ClCompile Include="engine\Framework\SceneBase\Transition\TransitionManager.cpp">
      <Filter>engine\Framework\SceneBase\Transition</Filter>
    </ClCompile>
    <ClCompile Include="application\Scene\GameScene\Pause\PauseUI.cpp">
      <Filter>application\Scene\GameScene\Pause</Filter>
    </ClCompile>
    <ClCompile Include="application\Scene\GameScene\Result\ResultUI.cpp">
      <Filter>application\Scene\GameScene\Result</Filter>
    </ClCompile>
    <ClCompile Include="application\AppSystem\UI\UIManager.cpp">
      <Filter>application\AppSystem\UI</Filter>
    </ClCompile>
    <ClCompile Include="application\Object\Rail\RailManager.cpp">
      <Filter>application\Object\Rail</Filter>
    </ClCompile>
    <ClCompile Include="application\Scene\GameScene\PlayUI\PlayUI.cpp">
      <Filter>application\Scene\GameScene\PlayUI</Filter>
    </ClCompile>
    <ClCompile Include="application\Object\Player\Player.cpp">
      <Filter>application\Object\Player</Filter>
    </ClCompile>
    <ClCompile Include="application\Object\Player\PlayerCollider.cpp">
      <Filter>application\Object\Player</Filter>
    </ClCompile>
    <ClCompile Include="application\Stage\StageManager.cpp">
      <Filter>application\Stage</Filter>
    </ClCompile>
    <ClCompile Include="engine\Graphics\Cubemap\ObjectCubemap.cpp">
      <Filter>engine\Graphics\Cubemap</Filter>
    </ClCompile>
    <ClCompile Include="application\Object\Player\PlayerBullet\NormalBullet\PlayerBulletNormal.cpp">
      <Filter>application\Object\Player\PlayerBullet\NormalBullet</Filter>
    </ClCompile>
    <ClCompile Include="application\Object\Player\PlayerBullet\PlayerBulletManager.cpp">
      <Filter>application\Object\Player\PlayerBullet</Filter>
    </ClCompile>
    <ClCompile Include="application\Object\Player\Reticle\Reticle.cpp">
      <Filter>application\Object\Player\Reticle</Filter>
    </ClCompile>
    <ClCompile Include="application\Object\Player\Reticle\ReticleCollider.cpp">
      <Filter>application\Object\Player\Reticle</Filter>
    </ClCompile>
    <ClCompile Include="application\AppSystem\Score\ScoreManager.cpp">
      <Filter>application\AppSystem\Score</Filter>
    </ClCompile>
    <ClCompile Include="engine\Utility\Utils\Time\Timer.cpp">
      <Filter>engine\Utility\Utils\Time</Filter>
    </ClCompile>
    <ClCompile Include="engine\Utility\Math\Quaternion.cpp">
      <Filter>engine\Utility\Math</Filter>
    </ClCompile>
    <ClCompile Include="engine\OffScreen\PostEffect\GrayscaleEffect.cpp">
      <Filter>engine\OffScreen\PostEffect</Filter>
    </ClCompile>
    <ClCompile Include="engine\OffScreen\PostEffectManager.cpp">
      <Filter>engine\OffScreen</Filter>
    </ClCompile>
    <ClCompile Include="engine\OffScreen\PostEffect\VignetteEffect.cpp">
      <Filter>engine\OffScreen\PostEffect</Filter>
    </ClCompile>
    <ClCompile Include="engine\OffScreen\PostEffect\GaussianEffect.cpp">
      <Filter>engine\OffScreen\PostEffect</Filter>
    </ClCompile>
    <ClCompile Include="engine\OffScreen\PostEffect\RadialBlurEffect.cpp">
      <Filter>engine\OffScreen\PostEffect</Filter>
    </ClCompile>
    <ClCompile Include="engine\OffScreen\PostEffect\LuminanceBasedOutlineEffect.cpp">
      <Filter>engine\OffScreen\PostEffect</Filter>
    </ClCompile>
    <ClCompile Include="engine\OffScreen\PostEffect\OutlinePass.cpp">
      <Filter>engine\OffScreen\PostEffect</Filter>
    </ClCompile>
    <ClCompile Include="engine\OffScreen\PostEffect\RandomEffect.cpp">
      <Filter>engine\OffScreen\PostEffect</Filter>
    </ClCompile>
    <ClCompile Include="application\Object\Enemy\EnemyBullet\Linear\Linear.cpp">
      <Filter>application\Object\Enemy\EnemyBullet\Linear</Filter>
    </ClCompile>
    <ClCompile Include="application\Object\Player\JustCollider.cpp">
      <Filter>application\Object\Player</Filter>
    </ClCompile>
    <ClCompile Include="application\Object\Enemy\EnemyManager\EnemyManager.cpp">
      <Filter>application\Object\Enemy\EnemyManager</Filter>
    </ClCompile>
    <ClCompile Include="application\Scene\GameScene\StartUI\StartUI.cpp">
      <Filter>application\Scene\GameScene\StartUI</Filter>
    </ClCompile>
    <ClCompile Include="application\Scene\GameScene\RetryUI\RetryUI.cpp">
      <Filter>application\Scene\GameScene\RetryUI</Filter>
    </ClCompile>
    <ClCompile Include="application\AppSystem\Audio\GameAudio.cpp">
      <Filter>application\AppSystem\Audio</Filter>
    </ClCompile>
    <ClCompile Include="application\AppSystem\Audio\CriticalHealthAudioEffect.cpp">
      <Filter>application\AppSystem\Audio</Filter>
    </ClCompile>
  </ItemGroup>
  <ItemGroup>
    <ClInclude Include="application\AppSystem\Combo\ComboManager.h">
      <Filter>application\AppSystem\Combo</Filter>
    </ClInclude>
    <ClInclude Include="application\AppSystem\EventListener\EnemyEvent\ComboAndScoreHandler.h">
      <Filter>application\AppSystem\EventListener\EnemyEvent</Filter>
    </ClInclude>
    <ClInclude Include="application\AppSystem\EventListener\EnemyEvent\IEnemyEventListener.h">
      <Filter>application\AppSystem\EventListener\EnemyEvent</Filter>
    </ClInclude>
    <ClInclude Include="application\AppSystem\ParticleType.h">
      <Filter>application\AppSystem</Filter>
    </ClInclude>
    <ClInclude Include="application\AppSystem\RailGenerator\AppRailGenerator.h">
      <Filter>application\AppSystem\RailGenerator</Filter>
    </ClInclude>
    <ClInclude Include="application\Object\BaseCharacter\BaseCharacter.h">
      <Filter>application\Object\BaseCharacter</Filter>
    </ClInclude>
    <ClInclude Include="application\Object\ColliderTypeID\ColliderTypeID.h">
      <Filter>application\Object\ColliderTypeID</Filter>
    </ClInclude>
    <ClInclude Include="application\Object\Enemy\AttackStrategy\AttackStrategies.h">
      <Filter>application\Object\Enemy\AttackStrategy</Filter>
    </ClInclude>
    <ClInclude Include="application\Object\Enemy\AttackStrategy\IAttackStrategy.h">
      <Filter>application\Object\Enemy\AttackStrategy</Filter>
    </ClInclude>
    <ClInclude Include="application\Object\Enemy\EnemyBullet\EBulletCollider.h">
      <Filter>application\Object\Enemy\EnemyBullet</Filter>
    </ClInclude>
    <ClInclude Include="application\Object\Player\PAttackStrategy\IPAttackStrategy.h">
      <Filter>application\Object\Player\PAttackStrategy</Filter>
    </ClInclude>
    <ClInclude Include="application\Object\Player\PAttackStrategy\PAttackStrategies.h">
      <Filter>application\Object\Player\PAttackStrategy</Filter>
    </ClInclude>
    <ClInclude Include="application\Object\Player\PlayerBullet\HomingBullet\PlayerBulletHoming.h">
      <Filter>application\Object\Player\PlayerBullet\HomingBullet</Filter>
    </ClInclude>
    <ClInclude Include="application\Object\Player\PlayerBullet\PlayerBulletType.h">
      <Filter>application\Object\Player\PlayerBullet</Filter>
    </ClInclude>
    <ClInclude Include="application\Object\Player\PlayerStruct.h">
      <Filter>application\Object\Player</Filter>
    </ClInclude>
    <ClInclude Include="application\Scene\GameScene\GameScene.h">
      <Filter>application\Scene\GameScene</Filter>
    </ClInclude>
    <ClInclude Include="application\Scene\GameScene\Result\ConfettiParticle.h">
      <Filter>application\Scene\GameScene\Result</Filter>
    </ClInclude>
    <ClInclude Include="application\Scene\GameScene\Result\ConfettiSystem.h">
      <Filter>application\Scene\GameScene\Result</Filter>
    </ClInclude>
    <ClInclude Include="engine\Framework\SceneBase\Transition\ITransition.h">
      <Filter>engine\Framework\SceneBase\Transition</Filter>
    </ClInclude>
    <ClInclude Include="engine\Framework\SceneBase\Transition\StateMachineTransition.h">
      <Filter>engine\Framework\SceneBase\Transition</Filter>
    </ClInclude>
    <ClInclude Include="application\Object\BaseBullet\BaseBullet.h">
      <Filter>application\Object\BaseBullet</Filter>
    </ClInclude>
    <ClInclude Include="application\Object\Enemy\EnemyCollider.h">
      <Filter>application\Object\Enemy</Filter>
    </ClInclude>
    <ClInclude Include="application\ScoreUI\ScoreUI.h">
      <Filter>application\ScoreUI</Filter>
    </ClInclude>
    <ClInclude Include="application\Object\Enemy\EnemyBullet\EnemyBulletManager.h">
      <Filter>application\Object\Enemy\EnemyBullet</Filter>
    </ClInclude>
    <ClInclude Include="application\Scene\Transition\BlockFadeTransition.h">
      <Filter>application\Scene\Transition</Filter>
    </ClInclude>
    <ClInclude Include="engine\Audio\Analysis\AudioAnalysisResult.h">
      <Filter>engine\Audio\Analysis</Filter>
    </ClInclude>
    <ClInclude Include="engine\Audio\Analysis\BeatAnalyzer.h">
      <Filter>engine\Audio\Analysis</Filter>
    </ClInclude>
    <ClInclude Include="engine\Audio\DSP\BiquadFilter.h">
      <Filter>engine\Audio\DSP</Filter>
    </ClInclude>
    <ClInclude Include="engine\Audio\Analysis\BPMDetector.h">
      <Filter>engine\Audio\Analysis</Filter>
    </ClInclude>
    <ClInclude Include="engine\Audio\DSP\MyAnalyzerXAPO.h">
      <Filter>engine\Audio\DSP</Filter>
    </ClInclude>
    <ClInclude Include="engine\Audio\Analysis\AudioAnalyzer.h">
      <Filter>engine\Audio\Analysis</Filter>
    </ClInclude>
    <ClInclude Include="engine\Audio\Analysis\OfflineAudioAnalyzer.h">
      <Filter>engine\Audio\Analysis</Filter>
    </ClInclude>
    <ClInclude Include="engine\Effect\ContrailBehaviour.h">
      <Filter>engine\Effect</Filter>
    </ClInclude>
    <ClInclude Include="engine\Camera\CameraShake.h">
      <Filter>engine\Camera</Filter>
    </ClInclude>
    <ClInclude Include="engine\Effect\DebrisBehaviour.h">
      <Filter>engine\Effect</Filter>
    </ClInclude>
    <ClInclude Include="engine\Effect\ExplosionBehaviour.h">
      <Filter>engine\Effect</Filter>
    </ClInclude>
    <ClInclude Include="engine\Effect\ExplosionRingBehaviour.h">
      <Filter>engine\Effect</Filter>
    </ClInclude>
    <ClInclude Include="engine\Effect\IParticleBehaviour.h">
      <Filter>engine\Effect</Filter>
    </ClInclude>
    <ClInclude Include="engine\Effect\ParticleParam.h">
      <Filter>engine\Effect</Filter>
    </ClInclude>
    <ClInclude Include="engine\EngineCore\EngineConfig.h">
      <Filter>engine\EngineCore</Filter>
    </ClInclude>
    <ClInclude Include="engine\OffScreen\PostEffect\DoFPass.h">
      <Filter>engine\OffScreen\PostEffect</Filter>
    </ClInclude>
    <ClInclude Include="engine\OffScreen\PostEffect\CopyImage.h">
      <Filter>engine\OffScreen\PostEffect</Filter>
    </ClInclude>
    <ClInclude Include="engine\OffScreen\PostEffect\DissolveEffect.h">
      <Filter>engine\OffScreen\PostEffect</Filter>
    </ClInclude>
    <ClInclude Include="engine\OffScreen\PostEffect\BoxFilterEffect.h">
      <Filter>engine\OffScreen\PostEffect</Filter>
    </ClInclude>
    <ClInclude Include="engine\OffScreen\PostEffect\IPostEffect.h">
      <Filter>engine\OffScreen\PostEffect</Filter>
    </ClInclude>
    <ClInclude Include="engine\OffScreen\PostEffect\PostEffectBase.h">
      <Filter>engine\OffScreen\PostEffect</Filter>
    </ClInclude>
    <ClInclude Include="engine\Utility\Collider\2DCollider\Collision2D.h">
      <Filter>engine\Utility\Collider\2DCollider</Filter>
    </ClInclude>
    <ClInclude Include="engine\Utility\Collider\2DCollider\SpriteAABBUtil.h">
      <Filter>engine\Utility\Collider\2DCollider</Filter>
    </ClInclude>
    <ClInclude Include="engine\Utility\Collider\2DCollider\UISpriteColliderManager.h">
      <Filter>engine\Utility\Collider\2DCollider</Filter>
    </ClInclude>
    <ClInclude Include="engine\Utility\Math\Ease.h">
      <Filter>engine\Utility\Math</Filter>
    </ClInclude>
    <ClInclude Include="engine\Utility\Utils\JSON\JsonManager.h">
      <Filter>engine\Utility\Utils\JSON</Filter>
    </ClInclude>
    <ClInclude Include="engine\Utility\Utils\Random.h">
      <Filter>engine\Utility\Utils</Filter>
    </ClInclude>
    <ClInclude Include="engine\Utility\Utils\SingletonObject.h">
      <Filter>engine\Utility\Utils</Filter>
    </ClInclude>
    <ClInclude Include="engine\Utility\Utils\State.h">
      <Filter>engine\Utility\Utils</Filter>
    </ClInclude>
    <ClInclude Include="engine\Utility\Utils\Time\BulletTimeController.h">
      <Filter>engine\Utility\Utils\Time</Filter>
    </ClInclude>
    <ClInclude Include="engine\Utility\Collider\ColliderManager.h">
      <Filter>engine\Utility\Collider</Filter>
    </ClInclude>
    <ClInclude Include="engine\Utility\Collider\Collider.h">
      <Filter>engine\Utility\Collider</Filter>
    </ClInclude>
    <ClInclude Include="engine\Utility\Collider\CollisionFunc.h">
      <Filter>engine\Utility\Collider</Filter>
    </ClInclude>
    <ClInclude Include="engine\Utility\SceneObjects\BaseObject.h">
      <Filter>engine\Utility\SceneObjects</Filter>
    </ClInclude>
    <ClInclude Include="application\Object\Rail\Rail.h">
      <Filter>application\Object\Rail</Filter>
    </ClInclude>
    <ClInclude Include="engine\Graphics\Cubemap\CubemapBasis.h">
      <Filter>engine\Graphics\Cubemap</Filter>
    </ClInclude>
    <ClInclude Include="engine\Utility\ObjectBasis\BaseObject.h">
      <Filter>engine\Utility\ObjectBasis</Filter>
    </ClInclude>
    <ClInclude Include="application\Object\Enemy\Enemy.h">
      <Filter>application\Object\Enemy</Filter>
    </ClInclude>
    <ClInclude Include="engine\Utility\Loader\BlenderLevelLoader.h">
      <Filter>engine\Utility\Loader</Filter>
    </ClInclude>
    <ClInclude Include="engine\Effect\CylinderParticle.h">
      <Filter>engine\Effect</Filter>
    </ClInclude>
    <ClInclude Include="engine\OffScreen\CopyPass.h">
      <Filter>engine\OffScreen</Filter>
    </ClInclude>
    <ClInclude Include="engine\Audio\Core\Audio.h">
      <Filter>engine\Audio\Core</Filter>
    </ClInclude>
    <ClInclude Include="engine\Camera\Camera.h">
      <Filter>engine\Camera</Filter>
    </ClInclude>
    <ClInclude Include="engine\Debugger\ImGuiManager.h">
      <Filter>engine\Debugger</Filter>
    </ClInclude>
    <ClInclude Include="engine\Effect\IParticleRenderer.h">
      <Filter>engine\Effect</Filter>
    </ClInclude>
    <ClInclude Include="engine\EngineCore\D3DResourceLeakChecker.h">
      <Filter>engine\EngineCore</Filter>
    </ClInclude>
    <ClInclude Include="engine\EngineCore\DirectXBasis.h">
      <Filter>engine\EngineCore</Filter>
    </ClInclude>
    <ClInclude Include="engine\Debugger\Logger.h">
      <Filter>engine\Debugger</Filter>
    </ClInclude>
    <ClInclude Include="engine\EngineCore\WindowsApp.h">
      <Filter>engine\EngineCore</Filter>
    </ClInclude>
    <ClInclude Include="engine\Framework\AbstractSceneFactory.h">
      <Filter>engine\Framework</Filter>
    </ClInclude>
    <ClInclude Include="application\GameCore.h">
      <Filter>application</Filter>
    </ClInclude>
    <ClInclude Include="engine\Framework\SceneBase\SceneManager.h">
      <Filter>engine\Framework\SceneBase</Filter>
    </ClInclude>
    <ClInclude Include="engine\Framework\TYFrameWork.h">
      <Filter>engine\Framework</Filter>
    </ClInclude>
    <ClInclude Include="engine\Graphics\Model\Model.h">
      <Filter>engine\Graphics\Model</Filter>
    </ClInclude>
    <ClInclude Include="engine\Graphics\Model\ModelLoader.h">
      <Filter>engine\Graphics\Model</Filter>
    </ClInclude>
    <ClInclude Include="engine\Graphics\Model\ModelManager.h">
      <Filter>engine\Graphics\Model</Filter>
    </ClInclude>
    <ClInclude Include="engine\Graphics\Model\Object3d.h">
      <Filter>engine\Graphics\Model</Filter>
    </ClInclude>
    <ClInclude Include="engine\Graphics\Model\Object3dBasis.h">
      <Filter>engine\Graphics\Model</Filter>
    </ClInclude>
    <ClInclude Include="engine\Graphics\Sprite\Sprite.h">
      <Filter>engine\Graphics\Sprite</Filter>
    </ClInclude>
    <ClInclude Include="engine\Graphics\Sprite\SpriteBasis.h">
      <Filter>engine\Graphics\Sprite</Filter>
    </ClInclude>
    <ClInclude Include="engine\Graphics\Sprite\TextureManager.h">
      <Filter>engine\Graphics\Sprite</Filter>
    </ClInclude>
    <ClInclude Include="engine\Graphics\SRV\SrvManager.h">
      <Filter>engine\Graphics\SRV</Filter>
    </ClInclude>
    <ClInclude Include="engine\Framework\Input\Input.h">
      <Filter>engine\Framework\Input</Filter>
    </ClInclude>
    <ClInclude Include="engine\Utility\Math\MathFunc.h">
      <Filter>engine\Utility\Math</Filter>
    </ClInclude>
    <ClInclude Include="engine\Utility\Math\Matrix4x4Func.h">
      <Filter>engine\Utility\Math</Filter>
    </ClInclude>
    <ClInclude Include="engine\Utility\Utils\StateMachine.h">
      <Filter>engine\Utility\Utils</Filter>
    </ClInclude>
    <ClInclude Include="engine\Utility\Utils\StringUtility.h">
      <Filter>engine\Utility\Utils</Filter>
    </ClInclude>
    <ClInclude Include="engine\Utility\Math\struct.h">
      <Filter>engine\Utility\Math</Filter>
    </ClInclude>
    <ClInclude Include="engine\Utility\Math\WorldTransform.h">
      <Filter>engine\Utility\Math</Filter>
    </ClInclude>
    <ClInclude Include="engine\Utility\Utils\Time\Oscillator.h">
      <Filter>engine\Utility\Utils\Time</Filter>
    </ClInclude>
    <ClInclude Include="externals\imgui\imconfig.h">
      <Filter>externals\imgui</Filter>
    </ClInclude>
    <ClInclude Include="externals\imgui\imgui.h">
      <Filter>externals\imgui</Filter>
    </ClInclude>
    <ClInclude Include="externals\imgui\imgui_impl_dx12.h">
      <Filter>externals\imgui</Filter>
    </ClInclude>
    <ClInclude Include="externals\imgui\imgui_impl_win32.h">
      <Filter>externals\imgui</Filter>
    </ClInclude>
    <ClInclude Include="externals\imgui\imgui_internal.h">
      <Filter>externals\imgui</Filter>
    </ClInclude>
    <ClInclude Include="externals\imgui\imstb_rectpack.h">
      <Filter>externals\imgui</Filter>
    </ClInclude>
    <ClInclude Include="externals\imgui\imstb_textedit.h">
      <Filter>externals\imgui</Filter>
    </ClInclude>
    <ClInclude Include="externals\imgui\imstb_truetype.h">
      <Filter>externals\imgui</Filter>
    </ClInclude>
    <ClInclude Include="engine\Framework\SceneBase\IScene.h">
      <Filter>engine\Framework\SceneBase</Filter>
    </ClInclude>
    <ClInclude Include="application\Scene\TitleScene\TitleScene.h">
      <Filter>application\Scene\TitleScene</Filter>
    </ClInclude>
    <ClInclude Include="engine\Audio\Core\StreamingAudio.h">
      <Filter>engine\Audio\Core</Filter>
    </ClInclude>
    <ClInclude Include="application\Scene\SceneFactory\SceneFactory.h">
      <Filter>application\Scene\SceneFactory</Filter>
    </ClInclude>
    <ClInclude Include="engine\Effect\ParticleManager.h">
      <Filter>engine\Effect</Filter>
    </ClInclude>
    <ClInclude Include="engine\Effect\PlaneParticle.h">
      <Filter>engine\Effect</Filter>
    </ClInclude>
    <ClInclude Include="engine\Effect\RingParticle.h">
      <Filter>engine\Effect</Filter>
    </ClInclude>
    <ClInclude Include="engine\OffScreen\RenderTexture.h">
      <Filter>engine\OffScreen</Filter>
    </ClInclude>
    <ClInclude Include="engine\Utility\SceneObjects\LevelObject.h">
      <Filter>engine\Utility\SceneObjects</Filter>
    </ClInclude>
    <ClInclude Include="application\Stage\Stage.h">
      <Filter>application\Stage</Filter>
    </ClInclude>
    <ClInclude Include="application\Scene\Transition\FadeTransition.h">
      <Filter>application\Scene\Transition</Filter>
    </ClInclude>
    <ClInclude Include="engine\Framework\SceneBase\Transition\TransitionManager.h">
      <Filter>engine\Framework\SceneBase\Transition</Filter>
    </ClInclude>
    <ClInclude Include="application\Scene\GameScene\Pause\PauseUI.h">
      <Filter>application\Scene\GameScene\Pause</Filter>
    </ClInclude>
    <ClInclude Include="application\Scene\GameScene\Result\ResultUI.h">
      <Filter>application\Scene\GameScene\Result</Filter>
    </ClInclude>
    <ClInclude Include="application\AppSystem\UI\BaseUI.h">
      <Filter>application\AppSystem\UI</Filter>
    </ClInclude>
    <ClInclude Include="application\AppSystem\UI\UIManager.h">
      <Filter>application\AppSystem\UI</Filter>
    </ClInclude>
    <ClInclude Include="application\Object\Rail\RailManager.h">
      <Filter>application\Object\Rail</Filter>
    </ClInclude>
    <ClInclude Include="application\Scene\GameScene\PlayUI\PlayUI.h">
      <Filter>application\Scene\GameScene\PlayUI</Filter>
    </ClInclude>
    <ClInclude Include="engine\Utility\Collider\Sphere\SphereCollider.h">
      <Filter>engine\Utility\Collider\Sphere</Filter>
    </ClInclude>
    <ClInclude Include="application\Object\Player\Player.h">
      <Filter>application\Object\Player</Filter>
    </ClInclude>
    <ClInclude Include="application\Object\Player\PlayerCollider.h">
      <Filter>application\Object\Player</Filter>
    </ClInclude>
    <ClInclude Include="application\Stage\StageManager.h">
      <Filter>application\Stage</Filter>
    </ClInclude>
    <ClInclude Include="engine\Graphics\Cubemap\ObjectCubemap.h">
      <Filter>engine\Graphics\Cubemap</Filter>
    </ClInclude>
    <ClInclude Include="application\Object\Player\PlayerBullet\NormalBullet\PlayerBulletNormal.h">
      <Filter>application\Object\Player\PlayerBullet\NormalBullet</Filter>
    </ClInclude>
    <ClInclude Include="application\Object\Player\PlayerBullet\PBulletCollider.h">
      <Filter>application\Object\Player\PlayerBullet</Filter>
    </ClInclude>
    <ClInclude Include="application\Object\Player\PlayerBullet\PlayerBulletManager.h">
      <Filter>application\Object\Player\PlayerBullet</Filter>
    </ClInclude>
    <ClInclude Include="engine\Utility\Collider\Ray\RayCollider.h">
      <Filter>engine\Utility\Collider\Ray</Filter>
    </ClInclude>
    <ClInclude Include="application\Object\Player\Reticle\Reticle.h">
      <Filter>application\Object\Player\Reticle</Filter>
    </ClInclude>
    <ClInclude Include="application\Object\Player\Reticle\ReticleCollider.h">
      <Filter>application\Object\Player\Reticle</Filter>
    </ClInclude>
    <ClInclude Include="application\AppSystem\Score\ScoreManager.h">
      <Filter>application\AppSystem\Score</Filter>
    </ClInclude>
    <ClInclude Include="engine\Utility\Utils\Time\Timer.h">
      <Filter>engine\Utility\Utils\Time</Filter>
    </ClInclude>
    <ClInclude Include="engine\Utility\Math\Quaternion.h">
      <Filter>engine\Utility\Math</Filter>
    </ClInclude>
    <ClInclude Include="engine\OffScreen\PostEffect\GrayscaleEffect.h">
      <Filter>engine\OffScreen\PostEffect</Filter>
    </ClInclude>
    <ClInclude Include="engine\OffScreen\PostEffectManager.h">
      <Filter>engine\OffScreen</Filter>
    </ClInclude>
    <ClInclude Include="engine\OffScreen\PostEffect\VignetteEffect.h">
      <Filter>engine\OffScreen\PostEffect</Filter>
    </ClInclude>
    <ClInclude Include="engine\OffScreen\PostEffect\GaussianEffect.h">
      <Filter>engine\OffScreen\PostEffect</Filter>
    </ClInclude>
    <ClInclude Include="engine\OffScreen\PostEffect\RadialBlurEffect.h">
      <Filter>engine\OffScreen\PostEffect</Filter>
    </ClInclude>
    <ClInclude Include="engine\OffScreen\PostEffect\LuminanceBasedOutlineEffect.h">
      <Filter>engine\OffScreen\PostEffect</Filter>
    </ClInclude>
    <ClInclude Include="engine\OffScreen\PostEffect\OutlinePass.h">
      <Filter>engine\OffScreen\PostEffect</Filter>
    </ClInclude>
    <ClInclude Include="engine\OffScreen\PostEffect\RandomEffect.h">
      <Filter>engine\OffScreen\PostEffect</Filter>
    </ClInclude>
    <ClInclude Include="application\Object\Enemy\EnemyBullet\Linear\Linear.h">
      <Filter>application\Object\Enemy\EnemyBullet\Linear</Filter>
    </ClInclude>
    <ClInclude Include="application\Object\Player\JustCollider.h">
      <Filter>application\Object\Player</Filter>
    </ClInclude>
    <ClInclude Include="application\Object\Enemy\EnemyManager\EnemyManager.h">
      <Filter>application\Object\Enemy\EnemyManager</Filter>
    </ClInclude>
    <ClInclude Include="application\Scene\GameScene\StartUI\StartUI.h">
      <Filter>application\Scene\GameScene\StartUI</Filter>
    </ClInclude>
    <ClInclude Include="application\Scene\GameScene\RetryUI\RetryUI.h">
      <Filter>application\Scene\GameScene\RetryUI</Filter>
    </ClInclude>
    <ClInclude Include="engine\Audio\Core\AudioSystemBase.h">
      <Filter>engine\Audio\Core</Filter>
    </ClInclude>
    <ClInclude Include="application\AppSystem\Audio\GameAudio.h">
      <Filter>application\AppSystem\Audio</Filter>
    </ClInclude>
    <ClInclude Include="application\AppSystem\Audio\CriticalHealthAudioEffect.h">
      <Filter>application\AppSystem\Audio</Filter>
    </ClInclude>
  </ItemGroup>
  <ItemGroup>
    <Text Include="externals\imgui\LICENSE.txt">
      <Filter>externals\imgui</Filter>
    </Text>
  </ItemGroup>
</Project>