<?xml version="1.0" encoding="utf-8"?>
<Project ToolsVersion="4.0" xmlns="http://schemas.microsoft.com/developer/msbuild/2003">
  <ItemGroup>
    <Filter Include="application">
      <UniqueIdentifier>{6a5424ae-5337-4993-8519-022f91b83939}</UniqueIdentifier>
    </Filter>
    <Filter Include="application\AppSystem">
      <UniqueIdentifier>{b2b62fc4-b936-4f23-82b4-b394661e11a0}</UniqueIdentifier>
    </Filter>
    <Filter Include="application\AppSystem\Audio">
      <UniqueIdentifier>{2f146ee2-15b9-4a21-9cad-dec0d514b4ed}</UniqueIdentifier>
    </Filter>
    <Filter Include="application\AppSystem\Combo">
      <UniqueIdentifier>{a64ea486-3ea9-4087-b27e-7c586769eca0}</UniqueIdentifier>
    </Filter>
    <Filter Include="application\AppSystem\EventListener">
      <UniqueIdentifier>{a3b7636a-afa1-499c-b7d9-4e249245a7b5}</UniqueIdentifier>
    </Filter>
    <Filter Include="application\AppSystem\EventListener\EnemyEvent">
      <UniqueIdentifier>{e46b06c8-02f4-49d9-b810-f6081ffd7249}</UniqueIdentifier>
    </Filter>
    <Filter Include="application\AppSystem\Score">
      <UniqueIdentifier>{b7fc30d0-a659-4630-bcf8-e196321dcd32}</UniqueIdentifier>
    </Filter>
    <Filter Include="application\Object">
      <UniqueIdentifier>{f31d7d90-e987-41af-a467-1ab166130416}</UniqueIdentifier>
    </Filter>
    <Filter Include="application\Object\BaseBullet">
      <UniqueIdentifier>{5e60b07a-8631-4814-9c49-bfc60d0e546a}</UniqueIdentifier>
    </Filter>
    <Filter Include="application\Object\BaseCharacter">
      <UniqueIdentifier>{e8793df3-f53e-4a18-ac05-2b35a96e249c}</UniqueIdentifier>
    </Filter>
    <Filter Include="application\Object\ColliderTypeID">
      <UniqueIdentifier>{f33a3c40-b3d9-46bf-9120-9a340e444c60}</UniqueIdentifier>
    </Filter>
    <Filter Include="application\Object\Enemy">
      <UniqueIdentifier>{74f18863-741c-4155-bf3c-ce2f95a615de}</UniqueIdentifier>
    </Filter>
    <Filter Include="application\Object\Enemy\AttackStrategy">
      <UniqueIdentifier>{8ff0294c-81cd-4e8a-8eb0-241c03aa67bf}</UniqueIdentifier>
    </Filter>
    <Filter Include="application\Object\Enemy\EnemyBullet">
      <UniqueIdentifier>{fe65312c-cf71-4069-acbb-fc30e67ac96b}</UniqueIdentifier>
    </Filter>
    <Filter Include="application\Object\Enemy\EnemyBullet\Linear">
      <UniqueIdentifier>{ad3b16c2-018f-4e61-8d06-f52bf56318ba}</UniqueIdentifier>
    </Filter>
    <Filter Include="application\Object\Enemy\EnemyManager">
      <UniqueIdentifier>{685b3d22-28f4-4513-b2f2-0cd6a36cbe72}</UniqueIdentifier>
    </Filter>
    <Filter Include="application\Object\Player">
      <UniqueIdentifier>{5e3a1dc1-a673-4772-b092-30897c5e9b1b}</UniqueIdentifier>
    </Filter>
    <Filter Include="application\Object\Player\PlayerBullet">
      <UniqueIdentifier>{d39115c0-b00f-4e2e-9dc3-36f2b4aa3abd}</UniqueIdentifier>
    </Filter>
    <Filter Include="application\Object\Player\PlayerBullet\HomingBullet">
      <UniqueIdentifier>{80f301cc-8513-4cef-b4e1-f2b841995c64}</UniqueIdentifier>
    </Filter>
    <Filter Include="application\Object\Player\PlayerBullet\NormalBullet">
      <UniqueIdentifier>{fb7cb71e-659d-47bd-a3e0-0ae89b4faf92}</UniqueIdentifier>
    </Filter>
    <Filter Include="application\Object\Player\PlayerState">
      <UniqueIdentifier>{d8dccc63-5203-4375-8c29-d2f2b553e024}</UniqueIdentifier>
    </Filter>
    <Filter Include="application\Object\Player\Reticle">
      <UniqueIdentifier>{38d81c20-0bed-4a83-b662-07a84d6e5012}</UniqueIdentifier>
    </Filter>
    <Filter Include="application\Object\Rail">
      <UniqueIdentifier>{9f7f37dc-9e48-4fab-b34b-e4eb78406653}</UniqueIdentifier>
    </Filter>
    <Filter Include="application\Scene">
      <UniqueIdentifier>{d79bad98-d1c6-4301-86de-d676f9ad7c66}</UniqueIdentifier>
    </Filter>
    <Filter Include="application\Scene\GameScene">
      <UniqueIdentifier>{550fdf2b-dc4e-48ea-850a-bcbaafae0038}</UniqueIdentifier>
    </Filter>
    <Filter Include="application\Scene\GameScene\GameSceneStates">
      <UniqueIdentifier>{e1f7f76d-1134-4762-9ed7-cf774ce24bc7}</UniqueIdentifier>
    </Filter>
    <Filter Include="application\Scene\GameScene\Pause">
      <UniqueIdentifier>{e510e17b-a478-4760-95fa-02663e22b052}</UniqueIdentifier>
    </Filter>
    <Filter Include="application\Scene\GameScene\PlayUI">
      <UniqueIdentifier>{8f7faab9-811f-4ae9-b40d-ae5319af5939}</UniqueIdentifier>
    </Filter>
    <Filter Include="application\Scene\GameScene\Result">
      <UniqueIdentifier>{bc7e4948-3a95-46cc-af17-00176039cc85}</UniqueIdentifier>
    </Filter>
    <Filter Include="application\Scene\GameScene\RetryUI">
      <UniqueIdentifier>{bee88c17-d618-44f8-a409-702e244b1d01}</UniqueIdentifier>
    </Filter>
    <Filter Include="application\Scene\GameScene\StartUI">
      <UniqueIdentifier>{251c9d35-c1a2-4b6f-afd7-2a070e11d57a}</UniqueIdentifier>
    </Filter>
    <Filter Include="application\Scene\SceneFactory">
      <UniqueIdentifier>{6486615a-be75-4135-a88a-96d234abd41e}</UniqueIdentifier>
    </Filter>
    <Filter Include="application\Scene\TitleScene">
      <UniqueIdentifier>{a71caacf-9845-4665-95fb-74b583d62e54}</UniqueIdentifier>
    </Filter>
    <Filter Include="application\Scene\TitleScene\TItleSceneStates">
      <UniqueIdentifier>{9cda27a4-2d3f-46fe-ade8-c6befc8aa234}</UniqueIdentifier>
    </Filter>
    <Filter Include="application\Scene\Transition">
      <UniqueIdentifier>{83fbd662-97d5-4bef-bb2f-aa747bf7389a}</UniqueIdentifier>
    </Filter>

    <Filter Include="application\ScoreUI">
      <UniqueIdentifier>{c79c7faf-a0c8-4ed4-82cc-2afc923196a7}</UniqueIdentifier>
    </Filter>
    <Filter Include="application\Stage">
      <UniqueIdentifier>{1f705aa4-33f4-400c-a07e-883bce6193a2}</UniqueIdentifier>
    </Filter>
    <Filter Include="engine">
      <UniqueIdentifier>{52b7fd35-271f-4542-8182-bf06486fd80c}</UniqueIdentifier>
    </Filter>
    <Filter Include="engine\Audio">
      <UniqueIdentifier>{ac8edde8-aa86-4fb2-aa73-64570d301eac}</UniqueIdentifier>
    </Filter>
    <Filter Include="engine\Audio\Core">
      <UniqueIdentifier>{ad8edde8-aa86-4fb2-aa73-64570d301eac}</UniqueIdentifier>
    </Filter>
    <Filter Include="engine\Audio\DSP">
      <UniqueIdentifier>{ae8edde8-aa86-4fb2-aa73-64570d301eac}</UniqueIdentifier>
    </Filter>
    <Filter Include="engine\Audio\Analysis">
      <UniqueIdentifier>{af8edde8-aa86-4fb2-aa73-64570d301eac}</UniqueIdentifier>
    </Filter>
    <Filter Include="engine\Camera">
      <UniqueIdentifier>{a96c8800-1dcf-4e48-ac6d-5dbcc120e887}</UniqueIdentifier>
    </Filter>
    <Filter Include="engine\Debugger">
      <UniqueIdentifier>{c1d438c1-25da-4c0a-91c5-53d7f89d2522}</UniqueIdentifier>
    </Filter>
    <Filter Include="engine\Effect">
      <UniqueIdentifier>{23b77546-46fc-42d0-ab69-0833e759523d}</UniqueIdentifier>
    </Filter>
    <Filter Include="engine\EngineCore">
      <UniqueIdentifier>{7686620a-f5b4-4cd3-98a7-7ef6b2a8c5e3}</UniqueIdentifier>
    </Filter>
    <Filter Include="engine\Framework">
      <UniqueIdentifier>{24ad690f-3683-4a1a-a547-ad77961c542e}</UniqueIdentifier>
    </Filter>
    <Filter Include="engine\Framework\Input">
      <UniqueIdentifier>{659ef8eb-2b89-48a3-bd45-a08243e7f07d}</UniqueIdentifier>
    </Filter>
    <Filter Include="engine\Framework\SceneBase">
      <UniqueIdentifier>{5ea89ff9-6308-4c3c-887a-ffcc3c251945}</UniqueIdentifier>
    </Filter>
    <Filter Include="engine\Framework\SceneBase\Transition">
      <UniqueIdentifier>{e8b62fc4-b936-4f23-82b4-b394661e11e0}</UniqueIdentifier>
    </Filter>
    <Filter Include="engine\Graphics">
      <UniqueIdentifier>{24efe151-73f8-4226-82c8-908ae1c384f5}</UniqueIdentifier>
    </Filter>
    <Filter Include="engine\Graphics\Cubemap">
      <UniqueIdentifier>{2fbc0ffd-bda8-4120-b544-eb9420064da6}</UniqueIdentifier>
    </Filter>
    <Filter Include="engine\Graphics\Model">
      <UniqueIdentifier>{6161afe7-1c63-4b23-b77f-492dad56bbdb}</UniqueIdentifier>
    </Filter>
    <Filter Include="engine\Graphics\Sprite">
      <UniqueIdentifier>{f923c27c-6165-43ed-a5e0-7e48e0f32e26}</UniqueIdentifier>
    </Filter>
    <Filter Include="engine\Graphics\SRV">
      <UniqueIdentifier>{46bbafac-f042-48b3-8010-752dee87ccda}</UniqueIdentifier>
    </Filter>
    <Filter Include="engine\OffScreen">
      <UniqueIdentifier>{5e6ca9f2-f4ca-413b-a712-895a85096eaf}</UniqueIdentifier>
    </Filter>
    <Filter Include="engine\OffScreen\PostEffect">
      <UniqueIdentifier>{52fd00a0-af3f-4e49-893d-55c07d1bc2b4}</UniqueIdentifier>
    </Filter>
    <Filter Include="engine\Utility">
      <UniqueIdentifier>{466a0288-059e-4c34-bba2-411930034d18}</UniqueIdentifier>
    </Filter>
    <Filter Include="engine\Utility\Collider">
      <UniqueIdentifier>{9aa18e36-3408-4709-8409-968bcb720ad3}</UniqueIdentifier>
    </Filter>
    <Filter Include="engine\Utility\Collider\2DCollider">
      <UniqueIdentifier>{9bc1c702-fd55-47cb-b70f-7e422eb09ae9}</UniqueIdentifier>
    </Filter>
    <Filter Include="engine\Utility\Collider\Ray">
      <UniqueIdentifier>{7745ed78-944f-44c9-a8e1-93b1555f1914}</UniqueIdentifier>
    </Filter>
    <Filter Include="engine\Utility\Collider\Sphere">
      <UniqueIdentifier>{beab8d5a-931b-44e3-807e-353b24fbe824}</UniqueIdentifier>
    </Filter>
    <Filter Include="engine\Utility\Loader">
      <UniqueIdentifier>{1925e4e4-bc94-4061-84ea-5de23e51936e}</UniqueIdentifier>
    </Filter>
    <Filter Include="engine\Utility\Math">
      <UniqueIdentifier>{d5612fcb-bebd-46f9-8f14-7cd20f5e9c36}</UniqueIdentifier>
    </Filter>
    <Filter Include="engine\Utility\ObjectBasis">
      <UniqueIdentifier>{bd2cd3ac-3acb-4af3-9b97-f642faf7aae6}</UniqueIdentifier>
    </Filter>
    <Filter Include="engine\Utility\SceneObjects">
      <UniqueIdentifier>{85e21012-3dfa-468f-ad1e-5733e19f5a5b}</UniqueIdentifier>
    </Filter>
    <Filter Include="engine\Utility\Utils">
      <UniqueIdentifier>{7ef2e20f-33a8-4b75-8349-1e28e653d6c4}</UniqueIdentifier>
    </Filter>
    <Filter Include="engine\Utility\Utils\JSON">
      <UniqueIdentifier>{0c025634-f443-4633-be03-a9682cad83cc}</UniqueIdentifier>
    </Filter>
    <Filter Include="engine\Utility\Utils\Time">
      <UniqueIdentifier>{7e92eb37-cc30-4e70-a1eb-ed4e940e4268}</UniqueIdentifier>
    </Filter>
    <Filter Include="externals">
      <UniqueIdentifier>{c1d23794-20af-41b2-8ae8-e5fa2ed32ed2}</UniqueIdentifier>
    </Filter>
    <Filter Include="externals\imgui">
      <UniqueIdentifier>{6f5bb256-563f-46cc-b65d-b90a8995a099}</UniqueIdentifier>
    </Filter>
  </ItemGroup>
  <ItemGroup>
    <ClCompile Include="application\AppSystem\Combo\ComboManager.cpp">
      <Filter>application\AppSystem\Combo</Filter>
    </ClCompile>
    <ClCompile Include="application\Object\Enemy\EnemyBullet\Linear\AfterCollisionState.cpp">
      <Filter>application\Object\Enemy\EnemyBullet\Linear</Filter>
    </ClCompile>
    <ClCompile Include="application\Object\Enemy\EnemyBullet\Linear\ShotState.cpp">
      <Filter>application\Object\Enemy\EnemyBullet\Linear</Filter>
    </ClCompile>
    <ClCompile Include="application\Object\Player\PlayerBullet\HomingBullet\PlayerBulletHoming.cpp">
      <Filter>application\Object\Player\PlayerBullet\HomingBullet</Filter>
    </ClCompile>
    <ClCompile Include="application\Object\Player\PlayerJson.cpp">
      <Filter>application\Object\Player</Filter>
    </ClCompile>
    <ClCompile Include="application\Object\Player\PlayerState\PlayerBarrelRoll.cpp">
      <Filter>application\Object\Player\PlayerState</Filter>
    </ClCompile>
    <ClCompile Include="application\Object\Player\PlayerState\PlayerBoost.cpp">
      <Filter>application\Object\Player\PlayerState</Filter>
    </ClCompile>
    <ClCompile Include="application\Object\Player\PlayerState\PlayerDead.cpp">
      <Filter>application\Object\Player\PlayerState</Filter>
    </ClCompile>
    <ClCompile Include="application\Object\Player\PlayerState\PlayerIdle.cpp">
      <Filter>application\Object\Player\PlayerState</Filter>
    </ClCompile>
    <ClCompile Include="application\Object\Player\PlayerState\PlayerRoute.cpp">
      <Filter>application\Object\Player\PlayerState</Filter>
    </ClCompile>
    <ClCompile Include="application\Object\Player\PlayerState\PlayerTakeDamage.cpp">
      <Filter>application\Object\Player\PlayerState</Filter>
    </ClCompile>
    <ClCompile Include="application\Scene\GameScene\EmitterInit.cpp">
      <Filter>application\Scene\GameScene</Filter>
    </ClCompile>
    <ClCompile Include="application\Scene\GameScene\GameScene.cpp">
      <Filter>application\Scene\GameScene</Filter>
    </ClCompile>
    <ClCompile Include="application\Object\Rail\Rail.cpp">
      <Filter>application\Object\Rail</Filter>
    </ClCompile>
    <ClCompile Include="application\Scene\GameScene\GameSceneStates\GameSceneDead.cpp">
      <Filter>application\Scene\GameScene\GameSceneStates</Filter>
    </ClCompile>
    <ClCompile Include="application\Scene\GameScene\GameSceneStates\GameSceneDebugEdit.cpp">
      <Filter>application\Scene\GameScene\GameSceneStates</Filter>
    </ClCompile>
    <ClCompile Include="application\Scene\GameScene\GameSceneStates\GameSceneFadeIn.cpp">
      <Filter>application\Scene\GameScene\GameSceneStates</Filter>
    </ClCompile>
    <ClCompile Include="application\Scene\GameScene\GameSceneStates\GameSceneFadeOut.cpp">
      <Filter>application\Scene\GameScene\GameSceneStates</Filter>
    </ClCompile>
    <ClCompile Include="application\Scene\GameScene\GameSceneStates\GameSceneLoad.cpp">
      <Filter>application\Scene\GameScene\GameSceneStates</Filter>
    </ClCompile>
    <ClCompile Include="application\Scene\GameScene\GameSceneStates\GameScenePause.cpp">
      <Filter>application\Scene\GameScene\GameSceneStates</Filter>
    </ClCompile>
    <ClCompile Include="application\Scene\GameScene\GameSceneStates\GameScenePlay.cpp">
      <Filter>application\Scene\GameScene\GameSceneStates</Filter>
    </ClCompile>
    <ClCompile Include="application\Scene\GameScene\GameSceneStates\GameSceneReady.cpp">
      <Filter>application\Scene\GameScene\GameSceneStates</Filter>
    </ClCompile>
    <ClCompile Include="application\Scene\GameScene\GameSceneStates\GameSceneResult.cpp">
      <Filter>application\Scene\GameScene\GameSceneStates</Filter>
    </ClCompile>
    <ClCompile Include="application\Scene\GameScene\GameSceneStates\GameSceneRetry.cpp">
      <Filter>application\Scene\GameScene\GameSceneStates</Filter>
    </ClCompile>
    <ClCompile Include="application\Scene\GameScene\GameSceneStates\GameSceneUI.cpp">
      <Filter>application\Scene\GameScene\GameSceneStates</Filter>
    </ClCompile>
    <ClCompile Include="application\Scene\GameScene\GameSceneStates\GameSceneClear.cpp">
      <Filter>application\Scene\GameScene\GameSceneStates</Filter>
    </ClCompile>
    <ClCompile Include="application\Scene\GameScene\Result\ConfettiSystem.cpp">
      <Filter>application\Scene\GameScene\Result</Filter>
    </ClCompile>
    <ClCompile Include="application\Scene\TitleScene\TItleSceneStates\TitleSceneDebug.cpp">
      <Filter>application\Scene\TitleScene\TItleSceneStates</Filter>
    </ClCompile>
    <ClCompile Include="application\Scene\TitleScene\TItleSceneStates\TitleSceneFadeIn.cpp">
      <Filter>application\Scene\TitleScene\TItleSceneStates</Filter>
    </ClCompile>
    <ClCompile Include="application\Scene\TitleScene\TItleSceneStates\TitleSceneFadeOut.cpp">
      <Filter>application\Scene\TitleScene\TItleSceneStates</Filter>
    </ClCompile>
    <ClCompile Include="application\Scene\TitleScene\TItleSceneStates\TitleSceneLoad.cpp">
      <Filter>application\Scene\TitleScene\TItleSceneStates</Filter>
    </ClCompile>
    <ClCompile Include="application\Scene\TitleScene\TItleSceneStates\TitleScenePlay.cpp">
      <Filter>application\Scene\TitleScene\TItleSceneStates</Filter>
    </ClCompile>
    <ClCompile Include="application\Scene\TitleScene\TItleSceneStates\TitleSceneReady.cpp">
      <Filter>application\Scene\TitleScene\TItleSceneStates</Filter>
    </ClCompile>
    <ClCompile Include="application\ScoreUI\ScoreUI.cpp">
      <Filter>application\ScoreUI</Filter>
    </ClCompile>
    <ClCompile Include="application\Object\Enemy\Enemy.cpp">
      <Filter>application\Object\Enemy</Filter>
    </ClCompile>
    <ClCompile Include="application\Object\Enemy\EnemyCollider.cpp">
      <Filter>application\Object\Enemy</Filter>
    </ClCompile>
    <ClCompile Include="application\Object\Enemy\EnemyBullet\EnemyBulletManager.cpp">
      <Filter>application\Object\Enemy\EnemyBullet</Filter>
    </ClCompile>
    <ClCompile Include="application\Scene\Transition\BlockFadeTransition.cpp">
      <Filter>application\Scene\Transition</Filter>
    </ClCompile>
    <ClCompile Include="engine\Audio\Analysis\BeatAnalyzer.cpp">
      <Filter>engine\Audio\Analysis</Filter>
    </ClCompile>
    <ClCompile Include="engine\Audio\DSP\BiquadFilter.cpp">
      <Filter>engine\Audio\DSP</Filter>
    </ClCompile>
    <ClCompile Include="engine\Audio\Analysis\BPMDetector.cpp">
      <Filter>engine\Audio\Analysis</Filter>
    </ClCompile>
    <ClCompile Include="engine\Audio\Analysis\AudioAnalyzer.cpp">
      <Filter>engine\Audio\Analysis</Filter>
    </ClCompile>
    <ClCompile Include="engine\Audio\DSP\MyAnalyzerXAPO.cpp">
      <Filter>engine\Audio\DSP</Filter>
    </ClCompile>
    <ClCompile Include="externals\xapobase.cpp">
      <Filter>externals</Filter>
    </ClCompile>
    <ClCompile Include="engine\Effect\ContrailBehaviour.cpp">
      <Filter>engine\Effect</Filter>
    </ClCompile>
    <ClCompile Include="engine\Effect\DebrisBehaviour.cpp">
      <Filter>engine\Effect</Filter>
    </ClCompile>
    <ClCompile Include="engine\Effect\ExplosionBehaviour.cpp">
      <Filter>engine\Effect</Filter>
    </ClCompile>
    <ClCompile Include="engine\Effect\ExplosionRingBehaviour.cpp">
      <Filter>engine\Effect</Filter>
    </ClCompile>
    <ClCompile Include="engine\OffScreen\PostEffect\DoFPass.cpp">
      <Filter>engine\OffScreen\PostEffect</Filter>
    </ClCompile>
    <ClCompile Include="engine\OffScreen\PostEffect\CopyImage.cpp">
      <Filter>engine\OffScreen\PostEffect</Filter>
    </ClCompile>
    <ClCompile Include="engine\OffScreen\PostEffect\DissolveEffect.cpp">
      <Filter>engine\OffScreen\PostEffect</Filter>
    </ClCompile>
    <ClCompile Include="engine\OffScreen\PostEffect\BoxFilterEffect.cpp">
      <Filter>engine\OffScreen\PostEffect</Filter>
    </ClCompile>
    <ClCompile Include="engine\Utility\Math\Ease.cpp">
      <Filter>engine\Utility\Math</Filter>
    </ClCompile>
    <ClCompile Include="engine\Utility\Utils\Time\BulletTimeController.cpp">
      <Filter>engine\Utility\Utils\Time</Filter>
    </ClCompile>
    <ClCompile Include="engine\Utility\Collider\ColliderManager.cpp">
      <Filter>engine\Utility\Collider</Filter>
    </ClCompile>
    <ClCompile Include="engine\Graphics\Cubemap\CubemapBasis.cpp">
      <Filter>engine\Graphics\Cubemap</Filter>
    </ClCompile>
    <ClCompile Include="engine\Utility\Collider\CollisionFunc.cpp">
      <Filter>engine\Utility\Collider</Filter>
    </ClCompile>
    <ClCompile Include="engine\Utility\Loader\BlenderLevelLoader.cpp">
      <Filter>engine\Utility\Loader</Filter>
    </ClCompile>
    <ClCompile Include="engine\Effect\CylinderParticle.cpp">
      <Filter>engine\Effect</Filter>
    </ClCompile>
    <ClCompile Include="engine\OffScreen\CopyPass.cpp">
      <Filter>engine\OffScreen</Filter>
    </ClCompile>
    <ClCompile Include="engine\Audio\Core\Audio.cpp">
      <Filter>engine\Audio\Core</Filter>
    </ClCompile>
    <ClCompile Include="engine\Camera\Camera.cpp">
      <Filter>engine\Camera</Filter>
    </ClCompile>
    <ClCompile Include="engine\Debugger\ImGuiManager.cpp">
      <Filter>engine\Debugger</Filter>
    </ClCompile>
    <ClCompile Include="engine\Effect\IParticleRenderer.cpp">
      <Filter>engine\Effect</Filter>
    </ClCompile>
    <ClCompile Include="engine\EngineCore\D3DResourceLeakChecker.cpp">
      <Filter>engine\EngineCore</Filter>
    </ClCompile>
    <ClCompile Include="engine\EngineCore\DirectXBasis.cpp">
      <Filter>engine\EngineCore</Filter>
    </ClCompile>
    <ClCompile Include="engine\Debugger\Logger.cpp">
      <Filter>engine\Debugger</Filter>
    </ClCompile>
    <ClCompile Include="engine\EngineCore\WindowsApp.cpp">
      <Filter>engine\EngineCore</Filter>
    </ClCompile>
    <ClCompile Include="application\GameCore.cpp">
      <Filter>application</Filter>
    </ClCompile>
    <ClCompile Include="engine\Framework\SceneBase\SceneManager.cpp">
      <Filter>engine\Framework\SceneBase</Filter>
    </ClCompile>
    <ClCompile Include="engine\Framework\TYFrameWork.cpp">
      <Filter>engine\Framework</Filter>
    </ClCompile>
    <ClCompile Include="engine\Graphics\Model\Model.cpp">
      <Filter>engine\Graphics\Model</Filter>
    </ClCompile>
    <ClCompile Include="engine\Graphics\Model\ModelLoader.cpp">
      <Filter>engine\Graphics\Model</Filter>
    </ClCompile>
    <ClCompile Include="engine\Graphics\Model\ModelManager.cpp">
      <Filter>engine\Graphics\Model</Filter>
    </ClCompile>
    <ClCompile Include="engine\Graphics\Model\Object3d.cpp">
      <Filter>engine\Graphics\Model</Filter>
    </ClCompile>
    <ClCompile Include="engine\Graphics\Model\Object3dBasis.cpp">
      <Filter>engine\Graphics\Model</Filter>
    </ClCompile>
    <ClCompile Include="engine\Graphics\Sprite\Sprite.cpp">
      <Filter>engine\Graphics\Sprite</Filter>
    </ClCompile>
    <ClCompile Include="engine\Graphics\Sprite\SpriteBasis.cpp">
      <Filter>engine\Graphics\Sprite</Filter>
    </ClCompile>
    <ClCompile Include="engine\Graphics\Sprite\TextureManager.cpp">
      <Filter>engine\Graphics\Sprite</Filter>
    </ClCompile>
    <ClCompile Include="engine\Graphics\SRV\SrvManager.cpp">
      <Filter>engine\Graphics\SRV</Filter>
    </ClCompile>
    <ClCompile Include="engine\Framework\Input\Input.cpp">
      <Filter>engine\Framework\Input</Filter>
    </ClCompile>
    <ClCompile Include="engine\Utility\Math\mathFunc.cpp">
      <Filter>engine\Utility\Math</Filter>
    </ClCompile>
    <ClCompile Include="engine\Utility\Math\Matrix4x4Func.cpp">
      <Filter>engine\Utility\Math</Filter>
    </ClCompile>
    <ClCompile Include="engine\Utility\Utils\StringUtility.cpp">
      <Filter>engine\Utility\Utils</Filter>
    </ClCompile>
    <ClCompile Include="engine\Utility\Math\WorldTransform.cpp">
      <Filter>engine\Utility\Math</Filter>
    </ClCompile>
    <ClCompile Include="externals\imgui\imgui.cpp">
      <Filter>externals\imgui</Filter>
    </ClCompile>
    <ClCompile Include="externals\imgui\imgui_demo.cpp">
      <Filter>externals\imgui</Filter>
    </ClCompile>
    <ClCompile Include="externals\imgui\imgui_draw.cpp">
      <Filter>externals\imgui</Filter>
    </ClCompile>
    <ClCompile Include="externals\imgui\imgui_impl_dx12.cpp">
      <Filter>externals\imgui</Filter>
    </ClCompile>
    <ClCompile Include="externals\imgui\imgui_impl_win32.cpp">
      <Filter>externals\imgui</Filter>
    </ClCompile>
    <ClCompile Include="externals\imgui\imgui_tables.cpp">
      <Filter>externals\imgui</Filter>
    </ClCompile>
    <ClCompile Include="externals\imgui\imgui_widgets.cpp">
      <Filter>externals\imgui</Filter>
    </ClCompile>
    <ClCompile Include="application\main.cpp">
      <Filter>application</Filter>
    </ClCompile>
    <ClCompile Include="application\Scene\TitleScene\TitleScene.cpp">
      <Filter>application\Scene\TitleScene</Filter>
    </ClCompile>
    <ClCompile Include="engine\Audio\Core\StreamingAudio.cpp">
      <Filter>engine\Audio\Core</Filter>
    </ClCompile>
    <ClCompile Include="application\Scene\SceneFactory\SceneFactory.cpp">
      <Filter>application\Scene\SceneFactory</Filter>
    </ClCompile>
    <ClCompile Include="engine\Effect\ParticleManager.cpp">
      <Filter>engine\Effect</Filter>
    </ClCompile>
    <ClCompile Include="engine\Effect\PlaneParticle.cpp">
      <Filter>engine\Effect</Filter>
    </ClCompile>
    <ClCompile Include="engine\Effect\RingParticle.cpp">
      <Filter>engine\Effect</Filter>
    </ClCompile>
    <ClCompile Include="engine\OffScreen\RenderTexture.cpp">
      <Filter>engine\OffScreen</Filter>
    </ClCompile>
    <ClCompile Include="engine\Utility\SceneObjects\LevelObject.cpp">
      <Filter>engine\Utility\SceneObjects</Filter>
    </ClCompile>
    <ClCompile Include="application\Stage\Stage.cpp">
      <Filter>application\Stage</Filter>
    </ClCompile>
    <ClCompile Include="application\Scene\Transition\FadeTransition.cpp">
      <Filter>application\Scene\Transition</Filter>
    </ClCompile>
    <ClCompile Include="engine\Framework\SceneBase\Transition\TransitionManager.cpp">
      <Filter>engine\Framework\SceneBase\Transition</Filter>
    </ClCompile>
    <ClCompile Include="application\Scene\GameScene\Pause\Pause.cpp">
      <Filter>application\Scene\GameScene\Pause</Filter>
    </ClCompile>
    <ClCompile Include="application\Scene\GameScene\Result\Result.cpp">
      <Filter>application\Scene\GameScene\Result</Filter>
    </ClCompile>
    <ClCompile Include="application\Object\Rail\RailManager.cpp">
      <Filter>application\Object\Rail</Filter>
    </ClCompile>
    <ClCompile Include="application\Scene\GameScene\PlayUI\PlayUI.cpp">
      <Filter>application\Scene\GameScene\PlayUI</Filter>
    </ClCompile>
    <ClCompile Include="application\Object\Player\Player.cpp">
      <Filter>application\Object\Player</Filter>
    </ClCompile>
    <ClCompile Include="application\Object\Player\PlayerCollider.cpp">
      <Filter>application\Object\Player</Filter>
    </ClCompile>
    <ClCompile Include="application\Stage\StageManager.cpp">
      <Filter>application\Stage</Filter>
    </ClCompile>
    <ClCompile Include="engine\Graphics\Cubemap\ObjectCubemap.cpp">
      <Filter>engine\Graphics\Cubemap</Filter>
    </ClCompile>
    <ClCompile Include="application\Object\Player\PlayerBullet\NormalBullet\PlayerBulletNormal.cpp">
      <Filter>application\Object\Player\PlayerBullet\NormalBullet</Filter>
    </ClCompile>
    <ClCompile Include="application\Object\Player\PlayerBullet\PlayerBulletManager.cpp">
      <Filter>application\Object\Player\PlayerBullet</Filter>
    </ClCompile>
    <ClCompile Include="application\Object\Player\Reticle\Reticle.cpp">
      <Filter>application\Object\Player\Reticle</Filter>
    </ClCompile>
    <ClCompile Include="application\Object\Player\Reticle\ReticleCollider.cpp">
      <Filter>application\Object\Player\Reticle</Filter>
    </ClCompile>
    <ClCompile Include="application\AppSystem\Score\ScoreManager.cpp">
      <Filter>application\AppSystem\Score</Filter>
    </ClCompile>
    <ClCompile Include="engine\Utility\Utils\Time\Timer.cpp">
      <Filter>engine\Utility\Utils\Time</Filter>
    </ClCompile>
    <ClCompile Include="engine\Utility\Math\Quaternion.cpp">
      <Filter>engine\Utility\Math</Filter>
    </ClCompile>
    <ClCompile Include="engine\OffScreen\PostEffect\GrayscaleEffect.cpp">
      <Filter>engine\OffScreen\PostEffect</Filter>
    </ClCompile>
    <ClCompile Include="engine\OffScreen\PostEffectManager.cpp">
      <Filter>engine\OffScreen</Filter>
    </ClCompile>
    <ClCompile Include="engine\OffScreen\PostEffect\VignetteEffect.cpp">
      <Filter>engine\OffScreen\PostEffect</Filter>
    </ClCompile>
    <ClCompile Include="engine\OffScreen\PostEffect\GaussianEffect.cpp">
      <Filter>engine\OffScreen\PostEffect</Filter>
    </ClCompile>
    <ClCompile Include="engine\OffScreen\PostEffect\RadialBlurEffect.cpp">
      <Filter>engine\OffScreen\PostEffect</Filter>
    </ClCompile>
    <ClCompile Include="engine\OffScreen\PostEffect\LuminanceBasedOutlineEffect.cpp">
      <Filter>engine\OffScreen\PostEffect</Filter>
    </ClCompile>
    <ClCompile Include="engine\OffScreen\PostEffect\OutlinePass.cpp">
      <Filter>engine\OffScreen\PostEffect</Filter>
    </ClCompile>
    <ClCompile Include="engine\OffScreen\PostEffect\RandomEffect.cpp">
      <Filter>engine\OffScreen\PostEffect</Filter>
    </ClCompile>
    <ClCompile Include="application\Object\Enemy\EnemyBullet\Linear\Linear.cpp">
      <Filter>application\Object\Enemy\EnemyBullet\Linear</Filter>
    </ClCompile>
    <ClCompile Include="application\Object\Player\JustCollider.cpp">
      <Filter>application\Object\Player</Filter>
    </ClCompile>
    <ClCompile Include="application\Object\Enemy\EnemyManager\EnemyManager.cpp">
      <Filter>application\Object\Enemy\EnemyManager</Filter>
    </ClCompile>
    <ClCompile Include="application\Scene\GameScene\StartUI\StartUI.cpp">
      <Filter>application\Scene\GameScene\StartUI</Filter>
    </ClCompile>
    <ClCompile Include="application\Scene\GameScene\RetryUI\RetryUI.cpp">
      <Filter>application\Scene\GameScene\RetryUI</Filter>
    </ClCompile>
    <ClCompile Include="application\AppSystem\Audio\GameAudio.cpp">
      <Filter>application\AppSystem\Audio</Filter>
    </ClCompile>
    <ClCompile Include="application\AppSystem\Audio\CriticalHealthAudioEffect.cpp">
      <Filter>application\AppSystem\Audio</Filter>
    </ClCompile>
    <ClCompile Include="engine\Audio\Analysis\OfflineAudioAnalyzer.cpp">
      <Filter>engine\Audio\Analysis</Filter>
    </ClCompile>
    <ClCompile Include="application\AppSystem\RailGenerator\AppRailGenerator.cpp" />
  </ItemGroup>
  <ItemGroup>
    <ClInclude Include="application\AppSystem\Combo\ComboManager.h">
      <Filter>application\AppSystem\Combo</Filter>
    </ClInclude>
    <ClInclude Include="application\AppSystem\EventListener\EnemyEvent\ComboAndScoreHandler.h">
      <Filter>application\AppSystem\EventListener\EnemyEvent</Filter>
    </ClInclude>
    <ClInclude Include="application\AppSystem\EventListener\EnemyEvent\IEnemyEventListener.h">
      <Filter>application\AppSystem\EventListener\EnemyEvent</Filter>
    </ClInclude>
    <ClInclude Include="application\AppSystem\ParticleType.h">
      <Filter>application\AppSystem</Filter>
    </ClInclude>
    <ClInclude Include="application\Object\BaseCharacter\BaseCharacter.h">
      <Filter>application\Object\BaseCharacter</Filter>
    </ClInclude>
    <ClInclude Include="application\Object\ColliderTypeID\ColliderTypeID.h">
      <Filter>application\Object\ColliderTypeID</Filter>
    </ClInclude>
    <ClInclude Include="application\Object\Enemy\AttackStrategy\AttackStrategies.h">
      <Filter>application\Object\Enemy\AttackStrategy</Filter>
    </ClInclude>
    <ClInclude Include="application\Object\Enemy\AttackStrategy\IAttackStrategy.h">
      <Filter>application\Object\Enemy\AttackStrategy</Filter>
    </ClInclude>
    <ClInclude Include="application\Object\Enemy\EnemyBullet\EBulletCollider.h">
      <Filter>application\Object\Enemy\EnemyBullet</Filter>
    </ClInclude>
    <ClInclude Include="application\Object\Player\PlayerBullet\HomingBullet\PlayerBulletHoming.h">
      <Filter>application\Object\Player\PlayerBullet\HomingBullet</Filter>
    </ClInclude>
    <ClInclude Include="application\Object\Player\PlayerBullet\PlayerBulletType.h">
      <Filter>application\Object\Player\PlayerBullet</Filter>
    </ClInclude>
    <ClInclude Include="application\Object\Player\PlayerStruct.h">
      <Filter>application\Object\Player</Filter>
    </ClInclude>
    <ClInclude Include="application\Scene\GameScene\GameScene.h">
      <Filter>application\Scene\GameScene</Filter>
    </ClInclude>
    <ClInclude Include="application\Scene\GameScene\Result\ConfettiParticle.h">
      <Filter>application\Scene\GameScene\Result</Filter>
    </ClInclude>
    <ClInclude Include="application\Scene\GameScene\Result\ConfettiSystem.h">
      <Filter>application\Scene\GameScene\Result</Filter>
    </ClInclude>
    <ClInclude Include="engine\Framework\SceneBase\Transition\ITransition.h">
      <Filter>engine\Framework\SceneBase\Transition</Filter>
    </ClInclude>
    <ClInclude Include="engine\Framework\SceneBase\Transition\StateMachineTransition.h">
      <Filter>engine\Framework\SceneBase\Transition</Filter>
    </ClInclude>
    <ClInclude Include="application\Object\BaseBullet\BaseBullet.h">
      <Filter>application\Object\BaseBullet</Filter>
    </ClInclude>
    <ClInclude Include="application\Object\Enemy\EnemyCollider.h">
      <Filter>application\Object\Enemy</Filter>
    </ClInclude>
    <ClInclude Include="application\ScoreUI\ScoreUI.h">
      <Filter>application\ScoreUI</Filter>
    </ClInclude>
    <ClInclude Include="application\Object\Enemy\EnemyBullet\EnemyBulletManager.h">
      <Filter>application\Object\Enemy\EnemyBullet</Filter>
    </ClInclude>
    <ClInclude Include="application\Scene\Transition\BlockFadeTransition.h">
      <Filter>application\Scene\Transition</Filter>
    </ClInclude>
    <ClInclude Include="engine\Audio\Analysis\BeatAnalyzer.h">
      <Filter>engine\Audio\Analysis</Filter>
    </ClInclude>
    <ClInclude Include="engine\Audio\DSP\BiquadFilter.h">
      <Filter>engine\Audio\DSP</Filter>
    </ClInclude>
    <ClInclude Include="engine\Audio\Analysis\BPMDetector.h">
      <Filter>engine\Audio\Analysis</Filter>
    </ClInclude>
    <ClInclude Include="engine\Audio\DSP\MyAnalyzerXAPO.h">
      <Filter>engine\Audio\DSP</Filter>
    </ClInclude>
    <ClInclude Include="engine\Audio\Analysis\AudioAnalyzer.h">
      <Filter>engine\Audio\Analysis</Filter>
    </ClInclude>
    <ClInclude Include="engine\Effect\ContrailBehaviour.h">
      <Filter>engine\Effect</Filter>
    </ClInclude>
    <ClInclude Include="engine\Camera\CameraShake.h">
      <Filter>engine\Camera</Filter>
    </ClInclude>
    <ClInclude Include="engine\Effect\DebrisBehaviour.h">
      <Filter>engine\Effect</Filter>
    </ClInclude>
    <ClInclude Include="engine\Effect\ExplosionBehaviour.h">
      <Filter>engine\Effect</Filter>
    </ClInclude>
    <ClInclude Include="engine\Effect\ExplosionRingBehaviour.h">
      <Filter>engine\Effect</Filter>
    </ClInclude>
    <ClInclude Include="engine\Effect\IParticleBehaviour.h">
      <Filter>engine\Effect</Filter>
    </ClInclude>
    <ClInclude Include="engine\Effect\ParticleParam.h">
      <Filter>engine\Effect</Filter>
    </ClInclude>
    <ClInclude Include="engine\EngineCore\EngineConfig.h">
      <Filter>engine\EngineCore</Filter>
    </ClInclude>
    <ClInclude Include="engine\OffScreen\PostEffect\DoFPass.h">
      <Filter>engine\OffScreen\PostEffect</Filter>
    </ClInclude>
    <ClInclude Include="engine\OffScreen\PostEffect\CopyImage.h">
      <Filter>engine\OffScreen\PostEffect</Filter>
    </ClInclude>
    <ClInclude Include="engine\OffScreen\PostEffect\DissolveEffect.h">
      <Filter>engine\OffScreen\PostEffect</Filter>
    </ClInclude>
    <ClInclude Include="engine\OffScreen\PostEffect\BoxFilterEffect.h">
      <Filter>engine\OffScreen\PostEffect</Filter>
    </ClInclude>
    <ClInclude Include="engine\OffScreen\PostEffect\IPostEffect.h">
      <Filter>engine\OffScreen\PostEffect</Filter>
    </ClInclude>
    <ClInclude Include="engine\OffScreen\PostEffect\PostEffectBase.h">
      <Filter>engine\OffScreen\PostEffect</Filter>
    </ClInclude>
    <ClInclude Include="engine\Utility\Collider\2DCollider\Collision2D.h">
      <Filter>engine\Utility\Collider\2DCollider</Filter>
    </ClInclude>
    <ClInclude Include="engine\Utility\Collider\2DCollider\SpriteAABBUtil.h">
      <Filter>engine\Utility\Collider\2DCollider</Filter>
    </ClInclude>
    <ClInclude Include="engine\Utility\Collider\2DCollider\UISpriteColliderManager.h">
      <Filter>engine\Utility\Collider\2DCollider</Filter>
    </ClInclude>
    <ClInclude Include="engine\Utility\Math\Ease.h">
      <Filter>engine\Utility\Math</Filter>
    </ClInclude>
    <ClInclude Include="engine\Utility\Utils\JSON\JsonManager.h">
      <Filter>engine\Utility\Utils\JSON</Filter>
    </ClInclude>
    <ClInclude Include="engine\Utility\Utils\Random.h">
      <Filter>engine\Utility\Utils</Filter>
    </ClInclude>
    <ClInclude Include="engine\Utility\Utils\SingletonObject.h">
      <Filter>engine\Utility\Utils</Filter>
    </ClInclude>
    <ClInclude Include="engine\Utility\Utils\Time\BulletTimeController.h">
      <Filter>engine\Utility\Utils\Time</Filter>
    </ClInclude>
    <ClInclude Include="engine\Utility\Collider\ColliderManager.h">
      <Filter>engine\Utility\Collider</Filter>
    </ClInclude>
    <ClInclude Include="engine\Utility\Collider\Collider.h">
      <Filter>engine\Utility\Collider</Filter>
    </ClInclude>
    <ClInclude Include="engine\Utility\Collider\CollisionFunc.h">
      <Filter>engine\Utility\Collider</Filter>
    </ClInclude>
    <ClInclude Include="engine\Utility\SceneObjects\BaseObject.h">
      <Filter>engine\Utility\SceneObjects</Filter>
    </ClInclude>
    <ClInclude Include="application\Object\Rail\Rail.h">
      <Filter>application\Object\Rail</Filter>
    </ClInclude>
    <ClInclude Include="engine\Graphics\Cubemap\CubemapBasis.h">
      <Filter>engine\Graphics\Cubemap</Filter>
    </ClInclude>
    <ClInclude Include="engine\Utility\ObjectBasis\BaseObject.h">
      <Filter>engine\Utility\ObjectBasis</Filter>
    </ClInclude>
    <ClInclude Include="application\Object\Enemy\Enemy.h">
      <Filter>application\Object\Enemy</Filter>
    </ClInclude>
    <ClInclude Include="engine\Utility\Loader\BlenderLevelLoader.h">
      <Filter>engine\Utility\Loader</Filter>
    </ClInclude>
    <ClInclude Include="engine\Effect\CylinderParticle.h">
      <Filter>engine\Effect</Filter>
    </ClInclude>
    <ClInclude Include="engine\OffScreen\CopyPass.h">
      <Filter>engine\OffScreen</Filter>
    </ClInclude>
    <ClInclude Include="engine\Audio\Core\Audio.h">
      <Filter>engine\Audio\Core</Filter>
    </ClInclude>
    <ClInclude Include="engine\Camera\Camera.h">
      <Filter>engine\Camera</Filter>
    </ClInclude>
    <ClInclude Include="engine\Debugger\ImGuiManager.h">
      <Filter>engine\Debugger</Filter>
    </ClInclude>
    <ClInclude Include="engine\Effect\IParticleRenderer.h">
      <Filter>engine\Effect</Filter>
    </ClInclude>
    <ClInclude Include="engine\EngineCore\D3DResourceLeakChecker.h">
      <Filter>engine\EngineCore</Filter>
    </ClInclude>
    <ClInclude Include="engine\EngineCore\DirectXBasis.h">
      <Filter>engine\EngineCore</Filter>
    </ClInclude>
    <ClInclude Include="engine\Debugger\Logger.h">
      <Filter>engine\Debugger</Filter>
    </ClInclude>
    <ClInclude Include="engine\EngineCore\WindowsApp.h">
      <Filter>engine\EngineCore</Filter>
    </ClInclude>
    <ClInclude Include="engine\Framework\AbstractSceneFactory.h">
      <Filter>engine\Framework</Filter>
    </ClInclude>
    <ClInclude Include="application\GameCore.h">
      <Filter>application</Filter>
    </ClInclude>
    <ClInclude Include="engine\Framework\SceneBase\SceneManager.h">
      <Filter>engine\Framework\SceneBase</Filter>
    </ClInclude>
    <ClInclude Include="engine\Framework\TYFrameWork.h">
      <Filter>engine\Framework</Filter>
    </ClInclude>
    <ClInclude Include="engine\Graphics\Model\Model.h">
      <Filter>engine\Graphics\Model</Filter>
    </ClInclude>
    <ClInclude Include="engine\Graphics\Model\ModelLoader.h">
      <Filter>engine\Graphics\Model</Filter>
    </ClInclude>
    <ClInclude Include="engine\Graphics\Model\ModelManager.h">
      <Filter>engine\Graphics\Model</Filter>
    </ClInclude>
    <ClInclude Include="engine\Graphics\Model\Object3d.h">
      <Filter>engine\Graphics\Model</Filter>
    </ClInclude>
    <ClInclude Include="engine\Graphics\Model\Object3dBasis.h">
      <Filter>engine\Graphics\Model</Filter>
    </ClInclude>
    <ClInclude Include="engine\Graphics\Sprite\Sprite.h">
      <Filter>engine\Graphics\Sprite</Filter>
    </ClInclude>
    <ClInclude Include="engine\Graphics\Sprite\SpriteBasis.h">
      <Filter>engine\Graphics\Sprite</Filter>
    </ClInclude>
    <ClInclude Include="engine\Graphics\Sprite\TextureManager.h">
      <Filter>engine\Graphics\Sprite</Filter>
    </ClInclude>
    <ClInclude Include="engine\Graphics\SRV\SrvManager.h">
      <Filter>engine\Graphics\SRV</Filter>
    </ClInclude>
    <ClInclude Include="engine\Framework\Input\Input.h">
      <Filter>engine\Framework\Input</Filter>
    </ClInclude>
    <ClInclude Include="engine\Utility\Math\mathFunc.h">
      <Filter>engine\Utility\Math</Filter>
    </ClInclude>
    <ClInclude Include="engine\Utility\Math\Matrix4x4Func.h">
      <Filter>engine\Utility\Math</Filter>
    </ClInclude>
    <ClInclude Include="engine\Utility\Utils\StateMachine.h">
      <Filter>engine\Utility\Utils</Filter>
    </ClInclude>
    <ClInclude Include="engine\Utility\Utils\StringUtility.h">
      <Filter>engine\Utility\Utils</Filter>
    </ClInclude>
    <ClInclude Include="engine\Utility\Math\struct.h">
      <Filter>engine\Utility\Math</Filter>
    </ClInclude>
    <ClInclude Include="engine\Utility\Math\WorldTransform.h">
      <Filter>engine\Utility\Math</Filter>
    </ClInclude>
    <ClInclude Include="engine\Utility\Utils\Time\Oscillator.h">
      <Filter>engine\Utility\Utils\Time</Filter>
    </ClInclude>
    <ClInclude Include="externals\imgui\imconfig.h">
      <Filter>externals\imgui</Filter>
    </ClInclude>
    <ClInclude Include="externals\imgui\imgui.h">
      <Filter>externals\imgui</Filter>
    </ClInclude>
    <ClInclude Include="externals\imgui\imgui_impl_dx12.h">
      <Filter>externals\imgui</Filter>
    </ClInclude>
    <ClInclude Include="externals\imgui\imgui_impl_win32.h">
      <Filter>externals\imgui</Filter>
    </ClInclude>
    <ClInclude Include="externals\imgui\imgui_internal.h">
      <Filter>externals\imgui</Filter>
    </ClInclude>
    <ClInclude Include="externals\imgui\imstb_rectpack.h">
      <Filter>externals\imgui</Filter>
    </ClInclude>
    <ClInclude Include="externals\imgui\imstb_textedit.h">
      <Filter>externals\imgui</Filter>
    </ClInclude>
    <ClInclude Include="externals\imgui\imstb_truetype.h">
      <Filter>externals\imgui</Filter>
    </ClInclude>
    <ClInclude Include="engine\Framework\SceneBase\IScene.h">
      <Filter>engine\Framework\SceneBase</Filter>
    </ClInclude>
    <ClInclude Include="application\Scene\TitleScene\TitleScene.h">
      <Filter>application\Scene\TitleScene</Filter>
    </ClInclude>
    <ClInclude Include="engine\Audio\Core\StreamingAudio.h">
      <Filter>engine\Audio\Core</Filter>
    </ClInclude>
    <ClInclude Include="application\Scene\SceneFactory\SceneFactory.h">
      <Filter>application\Scene\SceneFactory</Filter>
    </ClInclude>
    <ClInclude Include="engine\Effect\ParticleManager.h">
      <Filter>engine\Effect</Filter>
    </ClInclude>
    <ClInclude Include="engine\Effect\PlaneParticle.h">
      <Filter>engine\Effect</Filter>
    </ClInclude>
    <ClInclude Include="engine\Effect\RingParticle.h">
      <Filter>engine\Effect</Filter>
    </ClInclude>
    <ClInclude Include="engine\OffScreen\RenderTexture.h">
      <Filter>engine\OffScreen</Filter>
    </ClInclude>
    <ClInclude Include="engine\Utility\SceneObjects\LevelObject.h">
      <Filter>engine\Utility\SceneObjects</Filter>
    </ClInclude>
    <ClInclude Include="application\Stage\Stage.h">
      <Filter>application\Stage</Filter>
    </ClInclude>
    <ClInclude Include="application\Scene\Transition\FadeTransition.h">
      <Filter>application\Scene\Transition</Filter>
    </ClInclude>
    <ClInclude Include="engine\Framework\SceneBase\Transition\TransitionManager.h">
      <Filter>engine\Framework\SceneBase\Transition</Filter>
    </ClInclude>
    <ClInclude Include="application\Scene\GameScene\Pause\Pause.h">
      <Filter>application\Scene\GameScene\Pause</Filter>
    </ClInclude>
    <ClInclude Include="application\Scene\GameScene\Result\Result.h">
      <Filter>application\Scene\GameScene\Result</Filter>
    </ClInclude>
    <ClInclude Include="application\Object\Rail\RailManager.h">
      <Filter>application\Object\Rail</Filter>
    </ClInclude>
    <ClInclude Include="application\Scene\GameScene\PlayUI\PlayUI.h">
      <Filter>application\Scene\GameScene\PlayUI</Filter>
    </ClInclude>
    <ClInclude Include="engine\Utility\Collider\Sphere\SphereCollider.h">
      <Filter>engine\Utility\Collider\Sphere</Filter>
    </ClInclude>
    <ClInclude Include="application\Object\Player\Player.h">
      <Filter>application\Object\Player</Filter>
    </ClInclude>
    <ClInclude Include="application\Object\Player\PlayerCollider.h">
      <Filter>application\Object\Player</Filter>
    </ClInclude>
    <ClInclude Include="application\Stage\StageManager.h">
      <Filter>application\Stage</Filter>
    </ClInclude>
    <ClInclude Include="engine\Graphics\Cubemap\ObjectCubemap.h">
      <Filter>engine\Graphics\Cubemap</Filter>
    </ClInclude>
    <ClInclude Include="application\Object\Player\PlayerBullet\NormalBullet\PlayerBulletNormal.h">
      <Filter>application\Object\Player\PlayerBullet\NormalBullet</Filter>
    </ClInclude>
    <ClInclude Include="application\Object\Player\PlayerBullet\PBulletCollider.h">
      <Filter>application\Object\Player\PlayerBullet</Filter>
    </ClInclude>
    <ClInclude Include="application\Object\Player\PlayerBullet\PlayerBulletManager.h">
      <Filter>application\Object\Player\PlayerBullet</Filter>
    </ClInclude>
    <ClInclude Include="engine\Utility\Collider\Ray\RayCollider.h">
      <Filter>engine\Utility\Collider\Ray</Filter>
    </ClInclude>
    <ClInclude Include="application\Object\Player\Reticle\Reticle.h">
      <Filter>application\Object\Player\Reticle</Filter>
    </ClInclude>
    <ClInclude Include="application\Object\Player\Reticle\ReticleCollider.h">
      <Filter>application\Object\Player\Reticle</Filter>
    </ClInclude>
    <ClInclude Include="application\AppSystem\Score\ScoreManager.h">
      <Filter>application\AppSystem\Score</Filter>
    </ClInclude>
    <ClInclude Include="engine\Utility\Utils\Time\Timer.h">
      <Filter>engine\Utility\Utils\Time</Filter>
    </ClInclude>
    <ClInclude Include="engine\Utility\Math\Quaternion.h">
      <Filter>engine\Utility\Math</Filter>
    </ClInclude>
    <ClInclude Include="engine\OffScreen\PostEffect\GrayscaleEffect.h">
      <Filter>engine\OffScreen\PostEffect</Filter>
    </ClInclude>
    <ClInclude Include="engine\OffScreen\PostEffectManager.h">
      <Filter>engine\OffScreen</Filter>
    </ClInclude>
    <ClInclude Include="engine\OffScreen\PostEffect\VignetteEffect.h">
      <Filter>engine\OffScreen\PostEffect</Filter>
    </ClInclude>
    <ClInclude Include="engine\OffScreen\PostEffect\GaussianEffect.h">
      <Filter>engine\OffScreen\PostEffect</Filter>
    </ClInclude>
    <ClInclude Include="engine\OffScreen\PostEffect\RadialBlurEffect.h">
      <Filter>engine\OffScreen\PostEffect</Filter>
    </ClInclude>
    <ClInclude Include="engine\OffScreen\PostEffect\LuminanceBasedOutlineEffect.h">
      <Filter>engine\OffScreen\PostEffect</Filter>
    </ClInclude>
    <ClInclude Include="engine\OffScreen\PostEffect\OutlinePass.h">
      <Filter>engine\OffScreen\PostEffect</Filter>
    </ClInclude>
    <ClInclude Include="engine\OffScreen\PostEffect\RandomEffect.h">
      <Filter>engine\OffScreen\PostEffect</Filter>
    </ClInclude>
    <ClInclude Include="application\Object\Enemy\EnemyBullet\Linear\Linear.h">
      <Filter>application\Object\Enemy\EnemyBullet\Linear</Filter>
    </ClInclude>
    <ClInclude Include="application\Object\Player\JustCollider.h">
      <Filter>application\Object\Player</Filter>
    </ClInclude>
    <ClInclude Include="application\Object\Enemy\EnemyManager\EnemyManager.h">
      <Filter>application\Object\Enemy\EnemyManager</Filter>
    </ClInclude>
    <ClInclude Include="application\Scene\GameScene\StartUI\StartUI.h">
      <Filter>application\Scene\GameScene\StartUI</Filter>
    </ClInclude>
    <ClInclude Include="application\Scene\GameScene\RetryUI\RetryUI.h">
      <Filter>application\Scene\GameScene\RetryUI</Filter>
    </ClInclude>
    <ClInclude Include="engine\Audio\Core\AudioSystemBase.h">
      <Filter>engine\Audio\Core</Filter>
    </ClInclude>
    <ClInclude Include="application\AppSystem\Audio\GameAudio.h">
      <Filter>application\AppSystem\Audio</Filter>
    </ClInclude>
    <ClInclude Include="application\AppSystem\Audio\CriticalHealthAudioEffect.h">
      <Filter>application\AppSystem\Audio</Filter>
    </ClInclude>
    <ClInclude Include="application\Object\Player\PAttackStrategy\IPAttackStrategy.h" />
    <ClInclude Include="application\Object\Player\PAttackStrategy\PAttackStrategies.h" />
    <ClInclude Include="engine\Audio\Analysis\AudioAnalysisResult.h">
      <Filter>engine\Audio\Analysis</Filter>
    </ClInclude>
    <ClInclude Include="engine\Audio\Analysis\OfflineAudioAnalyzer.h">
      <Filter>engine\Audio\Analysis</Filter>
    </ClInclude>
    <ClInclude Include="application\AppSystem\RailGenerator\AppRailGenerator.h" />
  </ItemGroup>
  <ItemGroup>
    <Text Include="externals\imgui\LICENSE.txt">
      <Filter>externals\imgui</Filter>
    </Text>
  </ItemGroup>
</Project>